// !$*UTF8*$!
{
	archiveVersion = 1;
	classes = {
	};
	objectVersion = 46;
	objects = {

/* Begin PBXBuildFile section */
		83A57F6318D6E8D400446929 /* AudioToolbox.framework in Frameworks */ = {isa = PBXBuildFile; fileRef = 83A57F6218D6E8D400446929 /* AudioToolbox.framework */; };
		83A57F6818D6E92300446929 /* left.wav in Resources */ = {isa = PBXBuildFile; fileRef = 83A57F6518D6E92300446929 /* left.wav */; };
		83A57F6918D6E92300446929 /* right.wav in Resources */ = {isa = PBXBuildFile; fileRef = 83A57F6618D6E92300446929 /* right.wav */; };
		83A57F6A18D6E92300446929 /* straight.wav in Resources */ = {isa = PBXBuildFile; fileRef = 83A57F6718D6E92300446929 /* straight.wav */; };
		83C6F14718D553320059EDB1 /* Foundation.framework in Frameworks */ = {isa = PBXBuildFile; fileRef = 83C6F14618D553320059EDB1 /* Foundation.framework */; };
		83C6F14918D553320059EDB1 /* CoreGraphics.framework in Frameworks */ = {isa = PBXBuildFile; fileRef = 83C6F14818D553320059EDB1 /* CoreGraphics.framework */; };
		83C6F14B18D553320059EDB1 /* UIKit.framework in Frameworks */ = {isa = PBXBuildFile; fileRef = 83C6F14A18D553320059EDB1 /* UIKit.framework */; };
		83C6F15118D553320059EDB1 /* InfoPlist.strings in Resources */ = {isa = PBXBuildFile; fileRef = 83C6F14F18D553320059EDB1 /* InfoPlist.strings */; };
		83C6F15318D553320059EDB1 /* main.m in Sources */ = {isa = PBXBuildFile; fileRef = 83C6F15218D553320059EDB1 /* main.m */; };
		83C6F15718D553320059EDB1 /* AppDelegate.m in Sources */ = {isa = PBXBuildFile; fileRef = 83C6F15618D553320059EDB1 /* AppDelegate.m */; };
		83C6F15A18D553320059EDB1 /* Main.storyboard in Resources */ = {isa = PBXBuildFile; fileRef = 83C6F15818D553320059EDB1 /* Main.storyboard */; };
		83C6F15D18D553320059EDB1 /* ViewController.m in Sources */ = {isa = PBXBuildFile; fileRef = 83C6F15C18D553320059EDB1 /* ViewController.m */; };
		83C6F15F18D553320059EDB1 /* Images.xcassets in Resources */ = {isa = PBXBuildFile; fileRef = 83C6F15E18D553320059EDB1 /* Images.xcassets */; };
		83C6F16618D553320059EDB1 /* XCTest.framework in Frameworks */ = {isa = PBXBuildFile; fileRef = 83C6F16518D553320059EDB1 /* XCTest.framework */; };
		83C6F16718D553320059EDB1 /* Foundation.framework in Frameworks */ = {isa = PBXBuildFile; fileRef = 83C6F14618D553320059EDB1 /* Foundation.framework */; };
		83C6F16818D553320059EDB1 /* UIKit.framework in Frameworks */ = {isa = PBXBuildFile; fileRef = 83C6F14A18D553320059EDB1 /* UIKit.framework */; };
		83C6F17018D553320059EDB1 /* InfoPlist.strings in Resources */ = {isa = PBXBuildFile; fileRef = 83C6F16E18D553320059EDB1 /* InfoPlist.strings */; };
		83C6F17218D553320059EDB1 /* CupertinoTests.m in Sources */ = {isa = PBXBuildFile; fileRef = 83C6F17118D553320059EDB1 /* CupertinoTests.m */; };
		83C6F17C18D553610059EDB1 /* CoreLocation.framework in Frameworks */ = {isa = PBXBuildFile; fileRef = 83C6F17B18D553610059EDB1 /* CoreLocation.framework */; };
		83C6F18318D554290059EDB1 /* apple.png in Resources */ = {isa = PBXBuildFile; fileRef = 83C6F17E18D554290059EDB1 /* apple.png */; };
		83C6F18418D554290059EDB1 /* apple@2x.png in Resources */ = {isa = PBXBuildFile; fileRef = 83C6F17F18D554290059EDB1 /* apple@2x.png */; };
		83C6F18518D554290059EDB1 /* left_arrow.png in Resources */ = {isa = PBXBuildFile; fileRef = 83C6F18018D554290059EDB1 /* left_arrow.png */; };
		83C6F18618D554290059EDB1 /* right_arrow.png in Resources */ = {isa = PBXBuildFile; fileRef = 83C6F18118D554290059EDB1 /* right_arrow.png */; };
		83C6F18718D554290059EDB1 /* up_arrow.png in Resources */ = {isa = PBXBuildFile; fileRef = 83C6F18218D554290059EDB1 /* up_arrow.png */; };
/* End PBXBuildFile section */

/* Begin PBXContainerItemProxy section */
		83C6F16918D553320059EDB1 /* PBXContainerItemProxy */ = {
			isa = PBXContainerItemProxy;
			containerPortal = 83C6F13B18D553320059EDB1 /* Project object */;
			proxyType = 1;
			remoteGlobalIDString = 83C6F14218D553320059EDB1;
			remoteInfo = Cupertino;
		};
/* End PBXContainerItemProxy section */

/* Begin PBXFileReference section */
		83A57F6218D6E8D400446929 /* AudioToolbox.framework */ = {isa = PBXFileReference; lastKnownFileType = wrapper.framework; name = AudioToolbox.framework; path = System/Library/Frameworks/AudioToolbox.framework; sourceTree = SDKROOT; };
		83A57F6518D6E92300446929 /* left.wav */ = {isa = PBXFileReference; lastKnownFileType = audio.wav; path = left.wav; sourceTree = "<group>"; };
		83A57F6618D6E92300446929 /* right.wav */ = {isa = PBXFileReference; lastKnownFileType = audio.wav; path = right.wav; sourceTree = "<group>"; };
		83A57F6718D6E92300446929 /* straight.wav */ = {isa = PBXFileReference; lastKnownFileType = audio.wav; path = straight.wav; sourceTree = "<group>"; };
		83C6F14318D553320059EDB1 /* Cupertino.app */ = {isa = PBXFileReference; explicitFileType = wrapper.application; includeInIndex = 0; path = Cupertino.app; sourceTree = BUILT_PRODUCTS_DIR; };
		83C6F14618D553320059EDB1 /* Foundation.framework */ = {isa = PBXFileReference; lastKnownFileType = wrapper.framework; name = Foundation.framework; path = System/Library/Frameworks/Foundation.framework; sourceTree = SDKROOT; };
		83C6F14818D553320059EDB1 /* CoreGraphics.framework */ = {isa = PBXFileReference; lastKnownFileType = wrapper.framework; name = CoreGraphics.framework; path = System/Library/Frameworks/CoreGraphics.framework; sourceTree = SDKROOT; };
		83C6F14A18D553320059EDB1 /* UIKit.framework */ = {isa = PBXFileReference; lastKnownFileType = wrapper.framework; name = UIKit.framework; path = System/Library/Frameworks/UIKit.framework; sourceTree = SDKROOT; };
		83C6F14E18D553320059EDB1 /* Cupertino-Info.plist */ = {isa = PBXFileReference; lastKnownFileType = text.plist.xml; path = "Cupertino-Info.plist"; sourceTree = "<group>"; };
		83C6F15018D553320059EDB1 /* en */ = {isa = PBXFileReference; lastKnownFileType = text.plist.strings; name = en; path = en.lproj/InfoPlist.strings; sourceTree = "<group>"; };
		83C6F15218D553320059EDB1 /* main.m */ = {isa = PBXFileReference; lastKnownFileType = sourcecode.c.objc; path = main.m; sourceTree = "<group>"; };
		83C6F15418D553320059EDB1 /* Cupertino-Prefix.pch */ = {isa = PBXFileReference; lastKnownFileType = sourcecode.c.h; path = "Cupertino-Prefix.pch"; sourceTree = "<group>"; };
		83C6F15518D553320059EDB1 /* AppDelegate.h */ = {isa = PBXFileReference; lastKnownFileType = sourcecode.c.h; path = AppDelegate.h; sourceTree = "<group>"; };
		83C6F15618D553320059EDB1 /* AppDelegate.m */ = {isa = PBXFileReference; lastKnownFileType = sourcecode.c.objc; path = AppDelegate.m; sourceTree = "<group>"; };
		83C6F15918D553320059EDB1 /* Base */ = {isa = PBXFileReference; lastKnownFileType = file.storyboard; name = Base; path = Base.lproj/Main.storyboard; sourceTree = "<group>"; };
		83C6F15B18D553320059EDB1 /* ViewController.h */ = {isa = PBXFileReference; lastKnownFileType = sourcecode.c.h; path = ViewController.h; sourceTree = "<group>"; };
		83C6F15C18D553320059EDB1 /* ViewController.m */ = {isa = PBXFileReference; lastKnownFileType = sourcecode.c.objc; path = ViewController.m; sourceTree = "<group>"; };
		83C6F15E18D553320059EDB1 /* Images.xcassets */ = {isa = PBXFileReference; lastKnownFileType = folder.assetcatalog; path = Images.xcassets; sourceTree = "<group>"; };
		83C6F16418D553320059EDB1 /* CupertinoTests.xctest */ = {isa = PBXFileReference; explicitFileType = wrapper.cfbundle; includeInIndex = 0; path = CupertinoTests.xctest; sourceTree = BUILT_PRODUCTS_DIR; };
		83C6F16518D553320059EDB1 /* XCTest.framework */ = {isa = PBXFileReference; lastKnownFileType = wrapper.framework; name = XCTest.framework; path = Library/Frameworks/XCTest.framework; sourceTree = DEVELOPER_DIR; };
		83C6F16D18D553320059EDB1 /* CupertinoTests-Info.plist */ = {isa = PBXFileReference; lastKnownFileType = text.plist.xml; path = "CupertinoTests-Info.plist"; sourceTree = "<group>"; };
		83C6F16F18D553320059EDB1 /* en */ = {isa = PBXFileReference; lastKnownFileType = text.plist.strings; name = en; path = en.lproj/InfoPlist.strings; sourceTree = "<group>"; };
		83C6F17118D553320059EDB1 /* CupertinoTests.m */ = {isa = PBXFileReference; lastKnownFileType = sourcecode.c.objc; path = CupertinoTests.m; sourceTree = "<group>"; };
		83C6F17B18D553610059EDB1 /* CoreLocation.framework */ = {isa = PBXFileReference; lastKnownFileType = wrapper.framework; name = CoreLocation.framework; path = System/Library/Frameworks/CoreLocation.framework; sourceTree = SDKROOT; };
		83C6F17E18D554290059EDB1 /* apple.png */ = {isa = PBXFileReference; lastKnownFileType = image.png; path = apple.png; sourceTree = "<group>"; };
		83C6F17F18D554290059EDB1 /* apple@2x.png */ = {isa = PBXFileReference; lastKnownFileType = image.png; path = "apple@2x.png"; sourceTree = "<group>"; };
		83C6F18018D554290059EDB1 /* left_arrow.png */ = {isa = PBXFileReference; lastKnownFileType = image.png; path = left_arrow.png; sourceTree = "<group>"; };
		83C6F18118D554290059EDB1 /* right_arrow.png */ = {isa = PBXFileReference; lastKnownFileType = image.png; path = right_arrow.png; sourceTree = "<group>"; };
		83C6F18218D554290059EDB1 /* up_arrow.png */ = {isa = PBXFileReference; lastKnownFileType = image.png; path = up_arrow.png; sourceTree = "<group>"; };
/* End PBXFileReference section */

/* Begin PBXFrameworksBuildPhase section */
		83C6F14018D553320059EDB1 /* Frameworks */ = {
			isa = PBXFrameworksBuildPhase;
			buildActionMask = 2147483647;
			files = (
				83A57F6318D6E8D400446929 /* AudioToolbox.framework in Frameworks */,
				83C6F17C18D553610059EDB1 /* CoreLocation.framework in Frameworks */,
				83C6F14918D553320059EDB1 /* CoreGraphics.framework in Frameworks */,
				83C6F14B18D553320059EDB1 /* UIKit.framework in Frameworks */,
				83C6F14718D553320059EDB1 /* Foundation.framework in Frameworks */,
			);
			runOnlyForDeploymentPostprocessing = 0;
		};
		83C6F16118D553320059EDB1 /* Frameworks */ = {
			isa = PBXFrameworksBuildPhase;
			buildActionMask = 2147483647;
			files = (
				83C6F16618D553320059EDB1 /* XCTest.framework in Frameworks */,
				83C6F16818D553320059EDB1 /* UIKit.framework in Frameworks */,
				83C6F16718D553320059EDB1 /* Foundation.framework in Frameworks */,
			);
			runOnlyForDeploymentPostprocessing = 0;
		};
/* End PBXFrameworksBuildPhase section */

/* Begin PBXGroup section */
		83A57F6418D6E92300446929 /* Audio */ = {
			isa = PBXGroup;
			children = (
				83A57F6518D6E92300446929 /* left.wav */,
				83A57F6618D6E92300446929 /* right.wav */,
				83A57F6718D6E92300446929 /* straight.wav */,
			);
			path = Audio;
			sourceTree = "<group>";
		};
		83C6F13A18D553320059EDB1 = {
			isa = PBXGroup;
			children = (
				83C6F14C18D553320059EDB1 /* Cupertino */,
				83C6F16B18D553320059EDB1 /* CupertinoTests */,
				83C6F14518D553320059EDB1 /* Frameworks */,
				83C6F14418D553320059EDB1 /* Products */,
			);
			sourceTree = "<group>";
		};
		83C6F14418D553320059EDB1 /* Products */ = {
			isa = PBXGroup;
			children = (
				83C6F14318D553320059EDB1 /* Cupertino.app */,
				83C6F16418D553320059EDB1 /* CupertinoTests.xctest */,
			);
			name = Products;
			sourceTree = "<group>";
		};
		83C6F14518D553320059EDB1 /* Frameworks */ = {
			isa = PBXGroup;
			children = (
				83A57F6218D6E8D400446929 /* AudioToolbox.framework */,
				83C6F17B18D553610059EDB1 /* CoreLocation.framework */,
				83C6F14618D553320059EDB1 /* Foundation.framework */,
				83C6F14818D553320059EDB1 /* CoreGraphics.framework */,
				83C6F14A18D553320059EDB1 /* UIKit.framework */,
				83C6F16518D553320059EDB1 /* XCTest.framework */,
			);
			name = Frameworks;
			sourceTree = "<group>";
		};
		83C6F14C18D553320059EDB1 /* Cupertino */ = {
			isa = PBXGroup;
			children = (
				83A57F6418D6E92300446929 /* Audio */,
				83C6F17D18D554290059EDB1 /* Images */,
				83C6F15518D553320059EDB1 /* AppDelegate.h */,
				83C6F15618D553320059EDB1 /* AppDelegate.m */,
				83C6F15818D553320059EDB1 /* Main.storyboard */,
				83C6F15B18D553320059EDB1 /* ViewController.h */,
				83C6F15C18D553320059EDB1 /* ViewController.m */,
				83C6F15E18D553320059EDB1 /* Images.xcassets */,
				83C6F14D18D553320059EDB1 /* Supporting Files */,
			);
			path = Cupertino;
			sourceTree = "<group>";
		};
		83C6F14D18D553320059EDB1 /* Supporting Files */ = {
			isa = PBXGroup;
			children = (
				83C6F14E18D553320059EDB1 /* Cupertino-Info.plist */,
				83C6F14F18D553320059EDB1 /* InfoPlist.strings */,
				83C6F15218D553320059EDB1 /* main.m */,
				83C6F15418D553320059EDB1 /* Cupertino-Prefix.pch */,
			);
			name = "Supporting Files";
			sourceTree = "<group>";
		};
		83C6F16B18D553320059EDB1 /* CupertinoTests */ = {
			isa = PBXGroup;
			children = (
				83C6F17118D553320059EDB1 /* CupertinoTests.m */,
				83C6F16C18D553320059EDB1 /* Supporting Files */,
			);
			path = CupertinoTests;
			sourceTree = "<group>";
		};
		83C6F16C18D553320059EDB1 /* Supporting Files */ = {
			isa = PBXGroup;
			children = (
				83C6F16D18D553320059EDB1 /* CupertinoTests-Info.plist */,
				83C6F16E18D553320059EDB1 /* InfoPlist.strings */,
			);
			name = "Supporting Files";
			sourceTree = "<group>";
		};
		83C6F17D18D554290059EDB1 /* Images */ = {
			isa = PBXGroup;
			children = (
				83C6F17E18D554290059EDB1 /* apple.png */,
				83C6F17F18D554290059EDB1 /* apple@2x.png */,
				83C6F18018D554290059EDB1 /* left_arrow.png */,
				83C6F18118D554290059EDB1 /* right_arrow.png */,
				83C6F18218D554290059EDB1 /* up_arrow.png */,
			);
			path = Images;
			sourceTree = "<group>";
		};
/* End PBXGroup section */

/* Begin PBXNativeTarget section */
		83C6F14218D553320059EDB1 /* Cupertino */ = {
			isa = PBXNativeTarget;
			buildConfigurationList = 83C6F17518D553320059EDB1 /* Build configuration list for PBXNativeTarget "Cupertino" */;
			buildPhases = (
				83C6F13F18D553320059EDB1 /* Sources */,
				83C6F14018D553320059EDB1 /* Frameworks */,
				83C6F14118D553320059EDB1 /* Resources */,
			);
			buildRules = (
			);
			dependencies = (
			);
			name = Cupertino;
			productName = Cupertino;
			productReference = 83C6F14318D553320059EDB1 /* Cupertino.app */;
			productType = "com.apple.product-type.application";
		};
		83C6F16318D553320059EDB1 /* CupertinoTests */ = {
			isa = PBXNativeTarget;
			buildConfigurationList = 83C6F17818D553320059EDB1 /* Build configuration list for PBXNativeTarget "CupertinoTests" */;
			buildPhases = (
				83C6F16018D553320059EDB1 /* Sources */,
				83C6F16118D553320059EDB1 /* Frameworks */,
				83C6F16218D553320059EDB1 /* Resources */,
			);
			buildRules = (
			);
			dependencies = (
				83C6F16A18D553320059EDB1 /* PBXTargetDependency */,
			);
			name = CupertinoTests;
			productName = CupertinoTests;
			productReference = 83C6F16418D553320059EDB1 /* CupertinoTests.xctest */;
			productType = "com.apple.product-type.bundle.unit-test";
		};
/* End PBXNativeTarget section */

/* Begin PBXProject section */
		83C6F13B18D553320059EDB1 /* Project object */ = {
			isa = PBXProject;
			attributes = {
				LastUpgradeCheck = 0510;
				ORGANIZATIONNAME = "孙晓冬";
				TargetAttributes = {
					83C6F16318D553320059EDB1 = {
						TestTargetID = 83C6F14218D553320059EDB1;
					};
				};
			};
			buildConfigurationList = 83C6F13E18D553320059EDB1 /* Build configuration list for PBXProject "Cupertino" */;
			compatibilityVersion = "Xcode 3.2";
			developmentRegion = English;
			hasScannedForEncodings = 0;
			knownRegions = (
				en,
				Base,
			);
			mainGroup = 83C6F13A18D553320059EDB1;
			productRefGroup = 83C6F14418D553320059EDB1 /* Products */;
			projectDirPath = "";
			projectRoot = "";
			targets = (
				83C6F14218D553320059EDB1 /* Cupertino */,
				83C6F16318D553320059EDB1 /* CupertinoTests */,
			);
		};
/* End PBXProject section */

/* Begin PBXResourcesBuildPhase section */
		83C6F14118D553320059EDB1 /* Resources */ = {
			isa = PBXResourcesBuildPhase;
			buildActionMask = 2147483647;
			files = (
				83A57F6A18D6E92300446929 /* straight.wav in Resources */,
				83C6F18518D554290059EDB1 /* left_arrow.png in Resources */,
				83A57F6918D6E92300446929 /* right.wav in Resources */,
				83C6F15F18D553320059EDB1 /* Images.xcassets in Resources */,
				83C6F18418D554290059EDB1 /* apple@2x.png in Resources */,
				83C6F15118D553320059EDB1 /* InfoPlist.strings in Resources */,
				83C6F18318D554290059EDB1 /* apple.png in Resources */,
				83C6F18618D554290059EDB1 /* right_arrow.png in Resources */,
				83A57F6818D6E92300446929 /* left.wav in Resources */,
				83C6F18718D554290059EDB1 /* up_arrow.png in Resources */,
				83C6F15A18D553320059EDB1 /* Main.storyboard in Resources */,
			);
			runOnlyForDeploymentPostprocessing = 0;
		};
		83C6F16218D553320059EDB1 /* Resources */ = {
			isa = PBXResourcesBuildPhase;
			buildActionMask = 2147483647;
			files = (
				83C6F17018D553320059EDB1 /* InfoPlist.strings in Resources */,
			);
			runOnlyForDeploymentPostprocessing = 0;
		};
/* End PBXResourcesBuildPhase section */

/* Begin PBXSourcesBuildPhase section */
		83C6F13F18D553320059EDB1 /* Sources */ = {
			isa = PBXSourcesBuildPhase;
			buildActionMask = 2147483647;
			files = (
				83C6F15D18D553320059EDB1 /* ViewController.m in Sources */,
				83C6F15718D553320059EDB1 /* AppDelegate.m in Sources */,
				83C6F15318D553320059EDB1 /* main.m in Sources */,
			);
			runOnlyForDeploymentPostprocessing = 0;
		};
		83C6F16018D553320059EDB1 /* Sources */ = {
			isa = PBXSourcesBuildPhase;
			buildActionMask = 2147483647;
			files = (
				83C6F17218D553320059EDB1 /* CupertinoTests.m in Sources */,
			);
			runOnlyForDeploymentPostprocessing = 0;
		};
/* End PBXSourcesBuildPhase section */

/* Begin PBXTargetDependency section */
		83C6F16A18D553320059EDB1 /* PBXTargetDependency */ = {
			isa = PBXTargetDependency;
			target = 83C6F14218D553320059EDB1 /* Cupertino */;
			targetProxy = 83C6F16918D553320059EDB1 /* PBXContainerItemProxy */;
		};
/* End PBXTargetDependency section */

/* Begin PBXVariantGroup section */
		83C6F14F18D553320059EDB1 /* InfoPlist.strings */ = {
			isa = PBXVariantGroup;
			children = (
				83C6F15018D553320059EDB1 /* en */,
			);
			name = InfoPlist.strings;
			sourceTree = "<group>";
		};
		83C6F15818D553320059EDB1 /* Main.storyboard */ = {
			isa = PBXVariantGroup;
			children = (
				83C6F15918D553320059EDB1 /* Base */,
			);
			name = Main.storyboard;
			sourceTree = "<group>";
		};
		83C6F16E18D553320059EDB1 /* InfoPlist.strings */ = {
			isa = PBXVariantGroup;
			children = (
				83C6F16F18D553320059EDB1 /* en */,
			);
			name = InfoPlist.strings;
			sourceTree = "<group>";
		};
/* End PBXVariantGroup section */

/* Begin XCBuildConfiguration section */
		83C6F17318D553320059EDB1 /* Debug */ = {
			isa = XCBuildConfiguration;
			buildSettings = {
				ALWAYS_SEARCH_USER_PATHS = NO;
				CLANG_CXX_LANGUAGE_STANDARD = "gnu++0x";
				CLANG_CXX_LIBRARY = "libc++";
				CLANG_ENABLE_MODULES = YES;
				CLANG_ENABLE_OBJC_ARC = YES;
				CLANG_WARN_BOOL_CONVERSION = YES;
				CLANG_WARN_CONSTANT_CONVERSION = YES;
				CLANG_WARN_DIRECT_OBJC_ISA_USAGE = YES_ERROR;
				CLANG_WARN_EMPTY_BODY = YES;
				CLANG_WARN_ENUM_CONVERSION = YES;
				CLANG_WARN_INT_CONVERSION = YES;
				CLANG_WARN_OBJC_ROOT_CLASS = YES_ERROR;
				CLANG_WARN__DUPLICATE_METHOD_MATCH = YES;
				"CODE_SIGN_IDENTITY[sdk=iphoneos*]" = "iPhone Developer";
				COPY_PHASE_STRIP = NO;
				GCC_C_LANGUAGE_STANDARD = gnu99;
				GCC_DYNAMIC_NO_PIC = NO;
				GCC_OPTIMIZATION_LEVEL = 0;
				GCC_PREPROCESSOR_DEFINITIONS = (
					"DEBUG=1",
					"$(inherited)",
				);
				GCC_SYMBOLS_PRIVATE_EXTERN = NO;
				GCC_WARN_64_TO_32_BIT_CONVERSION = YES;
				GCC_WARN_ABOUT_RETURN_TYPE = YES_ERROR;
				GCC_WARN_UNDECLARED_SELECTOR = YES;
				GCC_WARN_UNINITIALIZED_AUTOS = YES_AGGRESSIVE;
				GCC_WARN_UNUSED_FUNCTION = YES;
				GCC_WARN_UNUSED_VARIABLE = YES;
				IPHONEOS_DEPLOYMENT_TARGET = 7.1;
				ONLY_ACTIVE_ARCH = YES;
				SDKROOT = iphoneos;
			};
			name = Debug;
		};
		83C6F17418D553320059EDB1 /* Release */ = {
			isa = XCBuildConfiguration;
			buildSettings = {
				ALWAYS_SEARCH_USER_PATHS = NO;
				CLANG_CXX_LANGUAGE_STANDARD = "gnu++0x";
				CLANG_CXX_LIBRARY = "libc++";
				CLANG_ENABLE_MODULES = YES;
				CLANG_ENABLE_OBJC_ARC = YES;
				CLANG_WARN_BOOL_CONVERSION = YES;
				CLANG_WARN_CONSTANT_CONVERSION = YES;
				CLANG_WARN_DIRECT_OBJC_ISA_USAGE = YES_ERROR;
				CLANG_WARN_EMPTY_BODY = YES;
				CLANG_WARN_ENUM_CONVERSION = YES;
				CLANG_WARN_INT_CONVERSION = YES;
				CLANG_WARN_OBJC_ROOT_CLASS = YES_ERROR;
				CLANG_WARN__DUPLICATE_METHOD_MATCH = YES;
				"CODE_SIGN_IDENTITY[sdk=iphoneos*]" = "iPhone Developer";
				COPY_PHASE_STRIP = YES;
				ENABLE_NS_ASSERTIONS = NO;
				GCC_C_LANGUAGE_STANDARD = gnu99;
				GCC_WARN_64_TO_32_BIT_CONVERSION = YES;
				GCC_WARN_ABOUT_RETURN_TYPE = YES_ERROR;
				GCC_WARN_UNDECLARED_SELECTOR = YES;
				GCC_WARN_UNINITIALIZED_AUTOS = YES_AGGRESSIVE;
				GCC_WARN_UNUSED_FUNCTION = YES;
				GCC_WARN_UNUSED_VARIABLE = YES;
				IPHONEOS_DEPLOYMENT_TARGET = 7.1;
				SDKROOT = iphoneos;
				VALIDATE_PRODUCT = YES;
			};
			name = Release;
		};
		83C6F17618D553320059EDB1 /* Debug */ = {
			isa = XCBuildConfiguration;
			buildSettings = {
				ASSETCATALOG_COMPILER_APPICON_NAME = AppIcon;
				ASSETCATALOG_COMPILER_LAUNCHIMAGE_NAME = LaunchImage;
				GCC_PRECOMPILE_PREFIX_HEADER = YES;
				GCC_PREFIX_HEADER = "Cupertino/Cupertino-Prefix.pch";
				INFOPLIST_FILE = "Cupertino/Cupertino-Info.plist";
				IPHONEOS_DEPLOYMENT_TARGET = 7.1;
				PRODUCT_NAME = "$(TARGET_NAME)";
				TARGETED_DEVICE_FAMILY = 1;
				WRAPPER_EXTENSION = app;
			};
			name = Debug;
		};
		83C6F17718D553320059EDB1 /* Release */ = {
			isa = XCBuildConfiguration;
			buildSettings = {
				ASSETCATALOG_COMPILER_APPICON_NAME = AppIcon;
				ASSETCATALOG_COMPILER_LAUNCHIMAGE_NAME = LaunchImage;
				GCC_PRECOMPILE_PREFIX_HEADER = YES;
				GCC_PREFIX_HEADER = "Cupertino/Cupertino-Prefix.pch";
				INFOPLIST_FILE = "Cupertino/Cupertino-Info.plist";
				IPHONEOS_DEPLOYMENT_TARGET = 7.1;
				PRODUCT_NAME = "$(TARGET_NAME)";
				TARGETED_DEVICE_FAMILY = 1;
				WRAPPER_EXTENSION = app;
			};
			name = Release;
		};
		83C6F17918D553320059EDB1 /* Debug */ = {
			isa = XCBuildConfiguration;
			buildSettings = {
				BUNDLE_LOADER = "$(BUILT_PRODUCTS_DIR)/Cupertino.app/Cupertino";
				FRAMEWORK_SEARCH_PATHS = (
					"$(SDKROOT)/Developer/Library/Frameworks",
					"$(inherited)",
					"$(DEVELOPER_FRAMEWORKS_DIR)",
				);
				GCC_PRECOMPILE_PREFIX_HEADER = YES;
				GCC_PREFIX_HEADER = "Cupertino/Cupertino-Prefix.pch";
				GCC_PREPROCESSOR_DEFINITIONS = (
					"DEBUG=1",
					"$(inherited)",
				);
				INFOPLIST_FILE = "CupertinoTests/CupertinoTests-Info.plist";
				PRODUCT_NAME = "$(TARGET_NAME)";
				TEST_HOST = "$(BUNDLE_LOADER)";
				WRAPPER_EXTENSION = xctest;
			};
			name = Debug;
		};
		83C6F17A18D553320059EDB1 /* Release */ = {
			isa = XCBuildConfiguration;
			buildSettings = {
				BUNDLE_LOADER = "$(BUILT_PRODUCTS_DIR)/Cupertino.app/Cupertino";
				FRAMEWORK_SEARCH_PATHS = (
					"$(SDKROOT)/Developer/Library/Frameworks",
					"$(inherited)",
					"$(DEVELOPER_FRAMEWORKS_DIR)",
				);
				GCC_PRECOMPILE_PREFIX_HEADER = YES;
				GCC_PREFIX_HEADER = "Cupertino/Cupertino-Prefix.pch";
				INFOPLIST_FILE = "CupertinoTests/CupertinoTests-Info.plist";
				PRODUCT_NAME = "$(TARGET_NAME)";
				TEST_HOST = "$(BUNDLE_LOADER)";
				WRAPPER_EXTENSION = xctest;
			};
			name = Release;
		};
/* End XCBuildConfiguration section */

/* Begin XCConfigurationList section */
		83C6F13E18D553320059EDB1 /* Build configuration list for PBXProject "Cupertino" */ = {
			isa = XCConfigurationList;
			buildConfigurations = (
				83C6F17318D553320059EDB1 /* Debug */,
				83C6F17418D553320059EDB1 /* Release */,
			);
			defaultConfigurationIsVisible = 0;
			defaultConfigurationName = Release;
		};
		83C6F17518D553320059EDB1 /* Build configuration list for PBXNativeTarget "Cupertino" */ = {
			isa = XCConfigurationList;
			buildConfigurations = (
				83C6F17618D553320059EDB1 /* Debug */,
				83C6F17718D553320059EDB1 /* Release */,
			);
			defaultConfigurationIsVisible = 0;
			defaultConfigurationName = Release;
		};
		83C6F17818D553320059EDB1 /* Build configuration list for PBXNativeTarget "CupertinoTests" */ = {
			isa = XCConfigurationList;
			buildConfigurations = (
				83C6F17918D553320059EDB1 /* Debug */,
				83C6F17A18D553320059EDB1 /* Release */,
			);
			defaultConfigurationIsVisible = 0;
			defaultConfigurationName = Release;
		};
/* End XCConfigurationList section */
	};
	rootObject = 83C6F13B18D553320059EDB1 /* Project object */;
}
