// !$*UTF8*$!
{
	archiveVersion = 1;
	classes = {
	};
	objectVersion = 46;
	objects = {

/* Begin PBXBuildFile section */
		83246B02191CB85400F1EF5C /* libzbar.a in Frameworks */ = {isa = PBXBuildFile; fileRef = 83246AFA191CB85400F1EF5C /* libzbar.a */; };
		83246B03191CB85400F1EF5C /* README in Resources */ = {isa = PBXBuildFile; fileRef = 83246AFB191CB85400F1EF5C /* README */; };
		83246B04191CB85400F1EF5C /* zbar-back.png in Resources */ = {isa = PBXBuildFile; fileRef = 83246AFD191CB85400F1EF5C /* zbar-back.png */; };
		83246B05191CB85400F1EF5C /* zbar-help.html in Resources */ = {isa = PBXBuildFile; fileRef = 83246AFE191CB85400F1EF5C /* zbar-help.html */; };
		83246B06191CB85400F1EF5C /* zbar-helpicons.png in Resources */ = {isa = PBXBuildFile; fileRef = 83246AFF191CB85400F1EF5C /* zbar-helpicons.png */; };
		83246B07191CB85400F1EF5C /* zbar-samples.png in Resources */ = {isa = PBXBuildFile; fileRef = 83246B00191CB85400F1EF5C /* zbar-samples.png */; };
		83246B09191CB8B800F1EF5C /* AVFoundation.framework in Frameworks */ = {isa = PBXBuildFile; fileRef = 83246B08191CB8B800F1EF5C /* AVFoundation.framework */; };
		83246B0B191CB8C900F1EF5C /* CoreMedia.framework in Frameworks */ = {isa = PBXBuildFile; fileRef = 83246B0A191CB8C900F1EF5C /* CoreMedia.framework */; };
		83246B0D191CB8DD00F1EF5C /* CoreVideo.framework in Frameworks */ = {isa = PBXBuildFile; fileRef = 83246B0C191CB8DD00F1EF5C /* CoreVideo.framework */; };
		83246B0F191CB90200F1EF5C /* libiconv.dylib in Frameworks */ = {isa = PBXBuildFile; fileRef = 83246B0E191CB90200F1EF5C /* libiconv.dylib */; };
		8338AC8119172AC900E5EBD3 /* Foundation.framework in Frameworks */ = {isa = PBXBuildFile; fileRef = 8338AC8019172AC900E5EBD3 /* Foundation.framework */; };
		8338AC8319172AC900E5EBD3 /* CoreGraphics.framework in Frameworks */ = {isa = PBXBuildFile; fileRef = 8338AC8219172AC900E5EBD3 /* CoreGraphics.framework */; };
		8338AC8519172AC900E5EBD3 /* UIKit.framework in Frameworks */ = {isa = PBXBuildFile; fileRef = 8338AC8419172AC900E5EBD3 /* UIKit.framework */; };
		8338AC8B19172AC900E5EBD3 /* InfoPlist.strings in Resources */ = {isa = PBXBuildFile; fileRef = 8338AC8919172AC900E5EBD3 /* InfoPlist.strings */; };
		8338AC8D19172AC900E5EBD3 /* main.m in Sources */ = {isa = PBXBuildFile; fileRef = 8338AC8C19172AC900E5EBD3 /* main.m */; };
		8338AC9119172AC900E5EBD3 /* AppDelegate.m in Sources */ = {isa = PBXBuildFile; fileRef = 8338AC9019172AC900E5EBD3 /* AppDelegate.m */; };
		8338AC9419172AC900E5EBD3 /* Main.storyboard in Resources */ = {isa = PBXBuildFile; fileRef = 8338AC9219172AC900E5EBD3 /* Main.storyboard */; };
		8338AC9919172AC900E5EBD3 /* Images.xcassets in Resources */ = {isa = PBXBuildFile; fileRef = 8338AC9819172AC900E5EBD3 /* Images.xcassets */; };
		8338ACA019172AC900E5EBD3 /* XCTest.framework in Frameworks */ = {isa = PBXBuildFile; fileRef = 8338AC9F19172AC900E5EBD3 /* XCTest.framework */; };
		8338ACA119172AC900E5EBD3 /* Foundation.framework in Frameworks */ = {isa = PBXBuildFile; fileRef = 8338AC8019172AC900E5EBD3 /* Foundation.framework */; };
		8338ACA219172AC900E5EBD3 /* UIKit.framework in Frameworks */ = {isa = PBXBuildFile; fileRef = 8338AC8419172AC900E5EBD3 /* UIKit.framework */; };
		8338ACAA19172AC900E5EBD3 /* InfoPlist.strings in Resources */ = {isa = PBXBuildFile; fileRef = 8338ACA819172AC900E5EBD3 /* InfoPlist.strings */; };
		8338ACAC19172AC900E5EBD3 /* yixin_pTests.m in Sources */ = {isa = PBXBuildFile; fileRef = 8338ACAB19172AC900E5EBD3 /* yixin_pTests.m */; };
		836C7C65191BDAD200A24DF2 /* QRViewController.m in Sources */ = {isa = PBXBuildFile; fileRef = 836C7C64191BDAD200A24DF2 /* QRViewController.m */; };
		83B61676191B2F8E00652A67 /* backbutton.png in Resources */ = {isa = PBXBuildFile; fileRef = 83B61675191B2F8E00652A67 /* backbutton.png */; };
		83B61679191B325E00652A67 /* StatusViewController.m in Sources */ = {isa = PBXBuildFile; fileRef = 83B61678191B325E00652A67 /* StatusViewController.m */; };
		83B6167C191B73A300652A67 /* KWPopoverView.m in Sources */ = {isa = PBXBuildFile; fileRef = 83B6167B191B73A300652A67 /* KWPopoverView.m */; };
		83BA064C19187C3B00E9B1AB /* NavigationController.m in Sources */ = {isa = PBXBuildFile; fileRef = 83BA064B19187C3B00E9B1AB /* NavigationController.m */; };
		83BD476419185C0C0006FC25 /* IndexViewController.m in Sources */ = {isa = PBXBuildFile; fileRef = 83BD476319185C0C0006FC25 /* IndexViewController.m */; };
		83BD476719185C1D0006FC25 /* SettingViewController.m in Sources */ = {isa = PBXBuildFile; fileRef = 83BD476619185C1D0006FC25 /* SettingViewController.m */; };
		83FF9403191A1F430086F7D6 /* yixin.png in Resources */ = {isa = PBXBuildFile; fileRef = 83FF9402191A1F430086F7D6 /* yixin.png */; };
		83FF9405191A20500086F7D6 /* setting.png in Resources */ = {isa = PBXBuildFile; fileRef = 83FF9404191A20500086F7D6 /* setting.png */; };
/* End PBXBuildFile section */

/* Begin PBXContainerItemProxy section */
		8338ACA319172AC900E5EBD3 /* PBXContainerItemProxy */ = {
			isa = PBXContainerItemProxy;
			containerPortal = 8338AC7519172AC900E5EBD3 /* Project object */;
			proxyType = 1;
			remoteGlobalIDString = 8338AC7C19172AC900E5EBD3;
			remoteInfo = "yixin-p";
		};
		83EA558A19209F9E0071E091 /* PBXContainerItemProxy */ = {
			isa = PBXContainerItemProxy;
			containerPortal = 83EA558519209F9E0071E091 /* QREncoder.xcodeproj */;
			proxyType = 2;
			remoteGlobalIDString = D2AAC07E0554694100DB518D;
			remoteInfo = QREncoder;
		};
		83EA558C19209F9E0071E091 /* PBXContainerItemProxy */ = {
			isa = PBXContainerItemProxy;
			containerPortal = 83EA558519209F9E0071E091 /* QREncoder.xcodeproj */;
			proxyType = 2;
			remoteGlobalIDString = EB7DA3AE10A4F5D90071984A;
			remoteInfo = QREncoderTest;
		};
/* End PBXContainerItemProxy section */

/* Begin PBXFileReference section */
		83246AE6191CB85400F1EF5C /* Decoder.h */ = {isa = PBXFileReference; fileEncoding = 4; lastKnownFileType = sourcecode.c.h; path = Decoder.h; sourceTree = "<group>"; };
		83246AE7191CB85400F1EF5C /* Exception.h */ = {isa = PBXFileReference; fileEncoding = 4; lastKnownFileType = sourcecode.c.h; path = Exception.h; sourceTree = "<group>"; };
		83246AE8191CB85400F1EF5C /* Image.h */ = {isa = PBXFileReference; fileEncoding = 4; lastKnownFileType = sourcecode.c.h; path = Image.h; sourceTree = "<group>"; };
		83246AE9191CB85400F1EF5C /* ImageScanner.h */ = {isa = PBXFileReference; fileEncoding = 4; lastKnownFileType = sourcecode.c.h; path = ImageScanner.h; sourceTree = "<group>"; };
		83246AEA191CB85400F1EF5C /* Processor.h */ = {isa = PBXFileReference; fileEncoding = 4; lastKnownFileType = sourcecode.c.h; path = Processor.h; sourceTree = "<group>"; };
		83246AEB191CB85400F1EF5C /* Scanner.h */ = {isa = PBXFileReference; fileEncoding = 4; lastKnownFileType = sourcecode.c.h; path = Scanner.h; sourceTree = "<group>"; };
		83246AEC191CB85400F1EF5C /* Symbol.h */ = {isa = PBXFileReference; fileEncoding = 4; lastKnownFileType = sourcecode.c.h; path = Symbol.h; sourceTree = "<group>"; };
		83246AED191CB85400F1EF5C /* Video.h */ = {isa = PBXFileReference; fileEncoding = 4; lastKnownFileType = sourcecode.c.h; path = Video.h; sourceTree = "<group>"; };
		83246AEE191CB85400F1EF5C /* Window.h */ = {isa = PBXFileReference; fileEncoding = 4; lastKnownFileType = sourcecode.c.h; path = Window.h; sourceTree = "<group>"; };
		83246AEF191CB85400F1EF5C /* zbar.h */ = {isa = PBXFileReference; fileEncoding = 4; lastKnownFileType = sourcecode.c.h; path = zbar.h; sourceTree = "<group>"; };
		83246AF0191CB85400F1EF5C /* ZBarCameraSimulator.h */ = {isa = PBXFileReference; fileEncoding = 4; lastKnownFileType = sourcecode.c.h; path = ZBarCameraSimulator.h; sourceTree = "<group>"; };
		83246AF1191CB85400F1EF5C /* ZBarCaptureReader.h */ = {isa = PBXFileReference; fileEncoding = 4; lastKnownFileType = sourcecode.c.h; path = ZBarCaptureReader.h; sourceTree = "<group>"; };
		83246AF2191CB85400F1EF5C /* ZBarHelpController.h */ = {isa = PBXFileReference; fileEncoding = 4; lastKnownFileType = sourcecode.c.h; path = ZBarHelpController.h; sourceTree = "<group>"; };
		83246AF3191CB85400F1EF5C /* ZBarImage.h */ = {isa = PBXFileReference; fileEncoding = 4; lastKnownFileType = sourcecode.c.h; path = ZBarImage.h; sourceTree = "<group>"; };
		83246AF4191CB85400F1EF5C /* ZBarImageScanner.h */ = {isa = PBXFileReference; fileEncoding = 4; lastKnownFileType = sourcecode.c.h; path = ZBarImageScanner.h; sourceTree = "<group>"; };
		83246AF5191CB85400F1EF5C /* ZBarReaderController.h */ = {isa = PBXFileReference; fileEncoding = 4; lastKnownFileType = sourcecode.c.h; path = ZBarReaderController.h; sourceTree = "<group>"; };
		83246AF6191CB85400F1EF5C /* ZBarReaderView.h */ = {isa = PBXFileReference; fileEncoding = 4; lastKnownFileType = sourcecode.c.h; path = ZBarReaderView.h; sourceTree = "<group>"; };
		83246AF7191CB85400F1EF5C /* ZBarReaderViewController.h */ = {isa = PBXFileReference; fileEncoding = 4; lastKnownFileType = sourcecode.c.h; path = ZBarReaderViewController.h; sourceTree = "<group>"; };
		83246AF8191CB85400F1EF5C /* ZBarSDK.h */ = {isa = PBXFileReference; fileEncoding = 4; lastKnownFileType = sourcecode.c.h; path = ZBarSDK.h; sourceTree = "<group>"; };
		83246AF9191CB85400F1EF5C /* ZBarSymbol.h */ = {isa = PBXFileReference; fileEncoding = 4; lastKnownFileType = sourcecode.c.h; path = ZBarSymbol.h; sourceTree = "<group>"; };
		83246AFA191CB85400F1EF5C /* libzbar.a */ = {isa = PBXFileReference; lastKnownFileType = archive.ar; path = libzbar.a; sourceTree = "<group>"; };
		83246AFB191CB85400F1EF5C /* README */ = {isa = PBXFileReference; fileEncoding = 4; lastKnownFileType = text; path = README; sourceTree = "<group>"; };
		83246AFD191CB85400F1EF5C /* zbar-back.png */ = {isa = PBXFileReference; lastKnownFileType = image.png; path = "zbar-back.png"; sourceTree = "<group>"; };
		83246AFE191CB85400F1EF5C /* zbar-help.html */ = {isa = PBXFileReference; fileEncoding = 4; lastKnownFileType = text.html; path = "zbar-help.html"; sourceTree = "<group>"; };
		83246AFF191CB85400F1EF5C /* zbar-helpicons.png */ = {isa = PBXFileReference; lastKnownFileType = image.png; path = "zbar-helpicons.png"; sourceTree = "<group>"; };
		83246B00191CB85400F1EF5C /* zbar-samples.png */ = {isa = PBXFileReference; lastKnownFileType = image.png; path = "zbar-samples.png"; sourceTree = "<group>"; };
		83246B08191CB8B800F1EF5C /* AVFoundation.framework */ = {isa = PBXFileReference; lastKnownFileType = wrapper.framework; name = AVFoundation.framework; path = System/Library/Frameworks/AVFoundation.framework; sourceTree = SDKROOT; };
		83246B0A191CB8C900F1EF5C /* CoreMedia.framework */ = {isa = PBXFileReference; lastKnownFileType = wrapper.framework; name = CoreMedia.framework; path = System/Library/Frameworks/CoreMedia.framework; sourceTree = SDKROOT; };
		83246B0C191CB8DD00F1EF5C /* CoreVideo.framework */ = {isa = PBXFileReference; lastKnownFileType = wrapper.framework; name = CoreVideo.framework; path = System/Library/Frameworks/CoreVideo.framework; sourceTree = SDKROOT; };
		83246B0E191CB90200F1EF5C /* libiconv.dylib */ = {isa = PBXFileReference; lastKnownFileType = "compiled.mach-o.dylib"; name = libiconv.dylib; path = usr/lib/libiconv.dylib; sourceTree = SDKROOT; };
		8338AC7D19172AC900E5EBD3 /* 医信.app */ = {isa = PBXFileReference; explicitFileType = wrapper.application; includeInIndex = 0; path = "医信.app"; sourceTree = BUILT_PRODUCTS_DIR; };
		8338AC8019172AC900E5EBD3 /* Foundation.framework */ = {isa = PBXFileReference; lastKnownFileType = wrapper.framework; name = Foundation.framework; path = System/Library/Frameworks/Foundation.framework; sourceTree = SDKROOT; };
		8338AC8219172AC900E5EBD3 /* CoreGraphics.framework */ = {isa = PBXFileReference; lastKnownFileType = wrapper.framework; name = CoreGraphics.framework; path = System/Library/Frameworks/CoreGraphics.framework; sourceTree = SDKROOT; };
		8338AC8419172AC900E5EBD3 /* UIKit.framework */ = {isa = PBXFileReference; lastKnownFileType = wrapper.framework; name = UIKit.framework; path = System/Library/Frameworks/UIKit.framework; sourceTree = SDKROOT; };
		8338AC8819172AC900E5EBD3 /* yixin-p-Info.plist */ = {isa = PBXFileReference; lastKnownFileType = text.plist.xml; path = "yixin-p-Info.plist"; sourceTree = "<group>"; };
		8338AC8A19172AC900E5EBD3 /* en */ = {isa = PBXFileReference; lastKnownFileType = text.plist.strings; name = en; path = en.lproj/InfoPlist.strings; sourceTree = "<group>"; };
		8338AC8C19172AC900E5EBD3 /* main.m */ = {isa = PBXFileReference; lastKnownFileType = sourcecode.c.objc; path = main.m; sourceTree = "<group>"; };
		8338AC8E19172AC900E5EBD3 /* yixin-p-Prefix.pch */ = {isa = PBXFileReference; lastKnownFileType = sourcecode.c.h; path = "yixin-p-Prefix.pch"; sourceTree = "<group>"; };
		8338AC8F19172AC900E5EBD3 /* AppDelegate.h */ = {isa = PBXFileReference; lastKnownFileType = sourcecode.c.h; path = AppDelegate.h; sourceTree = "<group>"; };
		8338AC9019172AC900E5EBD3 /* AppDelegate.m */ = {isa = PBXFileReference; lastKnownFileType = sourcecode.c.objc; path = AppDelegate.m; sourceTree = "<group>"; };
		8338AC9319172AC900E5EBD3 /* Base */ = {isa = PBXFileReference; lastKnownFileType = file.storyboard; name = Base; path = Base.lproj/Main.storyboard; sourceTree = "<group>"; };
		8338AC9819172AC900E5EBD3 /* Images.xcassets */ = {isa = PBXFileReference; lastKnownFileType = folder.assetcatalog; path = Images.xcassets; sourceTree = "<group>"; };
		8338AC9E19172AC900E5EBD3 /* yixin-pTests.xctest */ = {isa = PBXFileReference; explicitFileType = wrapper.cfbundle; includeInIndex = 0; path = "yixin-pTests.xctest"; sourceTree = BUILT_PRODUCTS_DIR; };
		8338AC9F19172AC900E5EBD3 /* XCTest.framework */ = {isa = PBXFileReference; lastKnownFileType = wrapper.framework; name = XCTest.framework; path = Library/Frameworks/XCTest.framework; sourceTree = DEVELOPER_DIR; };
		8338ACA719172AC900E5EBD3 /* yixin-pTests-Info.plist */ = {isa = PBXFileReference; lastKnownFileType = text.plist.xml; path = "yixin-pTests-Info.plist"; sourceTree = "<group>"; };
		8338ACA919172AC900E5EBD3 /* en */ = {isa = PBXFileReference; lastKnownFileType = text.plist.strings; name = en; path = en.lproj/InfoPlist.strings; sourceTree = "<group>"; };
		8338ACAB19172AC900E5EBD3 /* yixin_pTests.m */ = {isa = PBXFileReference; lastKnownFileType = sourcecode.c.objc; path = yixin_pTests.m; sourceTree = "<group>"; };
		836C7C63191BDAD200A24DF2 /* QRViewController.h */ = {isa = PBXFileReference; fileEncoding = 4; lastKnownFileType = sourcecode.c.h; path = QRViewController.h; sourceTree = "<group>"; };
		836C7C64191BDAD200A24DF2 /* QRViewController.m */ = {isa = PBXFileReference; fileEncoding = 4; lastKnownFileType = sourcecode.c.objc; path = QRViewController.m; sourceTree = "<group>"; };
		83B61675191B2F8E00652A67 /* backbutton.png */ = {isa = PBXFileReference; lastKnownFileType = image.png; name = backbutton.png; path = ../../backbutton.png; sourceTree = "<group>"; };
		83B61677191B325E00652A67 /* StatusViewController.h */ = {isa = PBXFileReference; fileEncoding = 4; lastKnownFileType = sourcecode.c.h; path = StatusViewController.h; sourceTree = "<group>"; };
		83B61678191B325E00652A67 /* StatusViewController.m */ = {isa = PBXFileReference; fileEncoding = 4; lastKnownFileType = sourcecode.c.objc; path = StatusViewController.m; sourceTree = "<group>"; };
		83B6167A191B73A300652A67 /* KWPopoverView.h */ = {isa = PBXFileReference; fileEncoding = 4; lastKnownFileType = sourcecode.c.h; path = KWPopoverView.h; sourceTree = "<group>"; };
		83B6167B191B73A300652A67 /* KWPopoverView.m */ = {isa = PBXFileReference; fileEncoding = 4; lastKnownFileType = sourcecode.c.objc; path = KWPopoverView.m; sourceTree = "<group>"; };
		83BA064A19187C3B00E9B1AB /* NavigationController.h */ = {isa = PBXFileReference; fileEncoding = 4; lastKnownFileType = sourcecode.c.h; path = NavigationController.h; sourceTree = "<group>"; };
		83BA064B19187C3B00E9B1AB /* NavigationController.m */ = {isa = PBXFileReference; fileEncoding = 4; lastKnownFileType = sourcecode.c.objc; path = NavigationController.m; sourceTree = "<group>"; };
		83BD476219185C0C0006FC25 /* IndexViewController.h */ = {isa = PBXFileReference; fileEncoding = 4; lastKnownFileType = sourcecode.c.h; name = IndexViewController.h; path = ../IndexViewController.h; sourceTree = "<group>"; };
		83BD476319185C0C0006FC25 /* IndexViewController.m */ = {isa = PBXFileReference; fileEncoding = 4; lastKnownFileType = sourcecode.c.objc; name = IndexViewController.m; path = ../IndexViewController.m; sourceTree = "<group>"; };
		83BD476519185C1D0006FC25 /* SettingViewController.h */ = {isa = PBXFileReference; fileEncoding = 4; lastKnownFileType = sourcecode.c.h; name = SettingViewController.h; path = ../SettingViewController.h; sourceTree = "<group>"; };
		83BD476619185C1D0006FC25 /* SettingViewController.m */ = {isa = PBXFileReference; fileEncoding = 4; lastKnownFileType = sourcecode.c.objc; name = SettingViewController.m; path = ../SettingViewController.m; sourceTree = "<group>"; };
		83EA558519209F9E0071E091 /* QREncoder.xcodeproj */ = {isa = PBXFileReference; lastKnownFileType = "wrapper.pb-project"; name = QREncoder.xcodeproj; path = ../../yixin/ObjQREncoder/src/QREncoder.xcodeproj; sourceTree = "<group>"; };
		83FF9402191A1F430086F7D6 /* yixin.png */ = {isa = PBXFileReference; lastKnownFileType = image.png; path = yixin.png; sourceTree = "<group>"; };
		83FF9404191A20500086F7D6 /* setting.png */ = {isa = PBXFileReference; lastKnownFileType = image.png; path = setting.png; sourceTree = "<group>"; };
/* End PBXFileReference section */

/* Begin PBXFrameworksBuildPhase section */
		8338AC7A19172AC900E5EBD3 /* Frameworks */ = {
			isa = PBXFrameworksBuildPhase;
			buildActionMask = 2147483647;
			files = (
				83246B0F191CB90200F1EF5C /* libiconv.dylib in Frameworks */,
				83246B0D191CB8DD00F1EF5C /* CoreVideo.framework in Frameworks */,
				83246B0B191CB8C900F1EF5C /* CoreMedia.framework in Frameworks */,
				83246B09191CB8B800F1EF5C /* AVFoundation.framework in Frameworks */,
				8338AC8319172AC900E5EBD3 /* CoreGraphics.framework in Frameworks */,
				8338AC8519172AC900E5EBD3 /* UIKit.framework in Frameworks */,
				83246B02191CB85400F1EF5C /* libzbar.a in Frameworks */,
				8338AC8119172AC900E5EBD3 /* Foundation.framework in Frameworks */,
			);
			runOnlyForDeploymentPostprocessing = 0;
		};
		8338AC9B19172AC900E5EBD3 /* Frameworks */ = {
			isa = PBXFrameworksBuildPhase;
			buildActionMask = 2147483647;
			files = (
				8338ACA019172AC900E5EBD3 /* XCTest.framework in Frameworks */,
				8338ACA219172AC900E5EBD3 /* UIKit.framework in Frameworks */,
				8338ACA119172AC900E5EBD3 /* Foundation.framework in Frameworks */,
			);
			runOnlyForDeploymentPostprocessing = 0;
		};
/* End PBXFrameworksBuildPhase section */

/* Begin PBXGroup section */
		83246AE1191CB85400F1EF5C /* ZBarSDK */ = {
			isa = PBXGroup;
			children = (
				83246AE3191CB85400F1EF5C /* Headers */,
				83246AFA191CB85400F1EF5C /* libzbar.a */,
				83246AFB191CB85400F1EF5C /* README */,
				83246AFC191CB85400F1EF5C /* Resources */,
			);
			path = ZBarSDK;
			sourceTree = "<group>";
		};
		83246AE3191CB85400F1EF5C /* Headers */ = {
			isa = PBXGroup;
			children = (
				83246AE4191CB85400F1EF5C /* ZBarSDK */,
			);
			path = Headers;
			sourceTree = "<group>";
		};
		83246AE4191CB85400F1EF5C /* ZBarSDK */ = {
			isa = PBXGroup;
			children = (
				83246AE5191CB85400F1EF5C /* zbar */,
				83246AEF191CB85400F1EF5C /* zbar.h */,
				83246AF0191CB85400F1EF5C /* ZBarCameraSimulator.h */,
				83246AF1191CB85400F1EF5C /* ZBarCaptureReader.h */,
				83246AF2191CB85400F1EF5C /* ZBarHelpController.h */,
				83246AF3191CB85400F1EF5C /* ZBarImage.h */,
				83246AF4191CB85400F1EF5C /* ZBarImageScanner.h */,
				83246AF5191CB85400F1EF5C /* ZBarReaderController.h */,
				83246AF6191CB85400F1EF5C /* ZBarReaderView.h */,
				83246AF7191CB85400F1EF5C /* ZBarReaderViewController.h */,
				83246AF8191CB85400F1EF5C /* ZBarSDK.h */,
				83246AF9191CB85400F1EF5C /* ZBarSymbol.h */,
			);
			path = ZBarSDK;
			sourceTree = "<group>";
		};
		83246AE5191CB85400F1EF5C /* zbar */ = {
			isa = PBXGroup;
			children = (
				83246AE6191CB85400F1EF5C /* Decoder.h */,
				83246AE7191CB85400F1EF5C /* Exception.h */,
				83246AE8191CB85400F1EF5C /* Image.h */,
				83246AE9191CB85400F1EF5C /* ImageScanner.h */,
				83246AEA191CB85400F1EF5C /* Processor.h */,
				83246AEB191CB85400F1EF5C /* Scanner.h */,
				83246AEC191CB85400F1EF5C /* Symbol.h */,
				83246AED191CB85400F1EF5C /* Video.h */,
				83246AEE191CB85400F1EF5C /* Window.h */,
			);
			path = zbar;
			sourceTree = "<group>";
		};
		83246AFC191CB85400F1EF5C /* Resources */ = {
			isa = PBXGroup;
			children = (
				83246AFD191CB85400F1EF5C /* zbar-back.png */,
				83246AFE191CB85400F1EF5C /* zbar-help.html */,
				83246AFF191CB85400F1EF5C /* zbar-helpicons.png */,
				83246B00191CB85400F1EF5C /* zbar-samples.png */,
			);
			path = Resources;
			sourceTree = "<group>";
		};
		8338AC7419172AC900E5EBD3 = {
			isa = PBXGroup;
			children = (
				83EA558519209F9E0071E091 /* QREncoder.xcodeproj */,
				83246AE1191CB85400F1EF5C /* ZBarSDK */,
				8338AC8619172AC900E5EBD3 /* yixin-p */,
				8338ACA519172AC900E5EBD3 /* yixin-pTests */,
				8338AC7F19172AC900E5EBD3 /* Frameworks */,
				8338AC7E19172AC900E5EBD3 /* Products */,
			);
			sourceTree = "<group>";
		};
		8338AC7E19172AC900E5EBD3 /* Products */ = {
			isa = PBXGroup;
			children = (
				8338AC7D19172AC900E5EBD3 /* 医信.app */,
				8338AC9E19172AC900E5EBD3 /* yixin-pTests.xctest */,
			);
			name = Products;
			sourceTree = "<group>";
		};
		8338AC7F19172AC900E5EBD3 /* Frameworks */ = {
			isa = PBXGroup;
			children = (
				83246B0E191CB90200F1EF5C /* libiconv.dylib */,
				83246B0C191CB8DD00F1EF5C /* CoreVideo.framework */,
				83246B0A191CB8C900F1EF5C /* CoreMedia.framework */,
				83246B08191CB8B800F1EF5C /* AVFoundation.framework */,
				8338AC8019172AC900E5EBD3 /* Foundation.framework */,
				8338AC8219172AC900E5EBD3 /* CoreGraphics.framework */,
				8338AC8419172AC900E5EBD3 /* UIKit.framework */,
				8338AC9F19172AC900E5EBD3 /* XCTest.framework */,
			);
			name = Frameworks;
			sourceTree = "<group>";
		};
		8338AC8619172AC900E5EBD3 /* yixin-p */ = {
			isa = PBXGroup;
			children = (
				83BD476219185C0C0006FC25 /* IndexViewController.h */,
				83BD476319185C0C0006FC25 /* IndexViewController.m */,
				83BD476519185C1D0006FC25 /* SettingViewController.h */,
				83BD476619185C1D0006FC25 /* SettingViewController.m */,
				8338ACB519172EBC00E5EBD3 /* images */,
				8338AC8F19172AC900E5EBD3 /* AppDelegate.h */,
				8338AC9019172AC900E5EBD3 /* AppDelegate.m */,
				8338AC9219172AC900E5EBD3 /* Main.storyboard */,
				836C7C63191BDAD200A24DF2 /* QRViewController.h */,
				836C7C64191BDAD200A24DF2 /* QRViewController.m */,
				83B6167A191B73A300652A67 /* KWPopoverView.h */,
				83B6167B191B73A300652A67 /* KWPopoverView.m */,
				83B61677191B325E00652A67 /* StatusViewController.h */,
				83B61678191B325E00652A67 /* StatusViewController.m */,
				83BA064A19187C3B00E9B1AB /* NavigationController.h */,
				83BA064B19187C3B00E9B1AB /* NavigationController.m */,
				8338AC9819172AC900E5EBD3 /* Images.xcassets */,
				8338AC8719172AC900E5EBD3 /* Supporting Files */,
			);
			path = "yixin-p";
			sourceTree = "<group>";
		};
		8338AC8719172AC900E5EBD3 /* Supporting Files */ = {
			isa = PBXGroup;
			children = (
				8338AC8819172AC900E5EBD3 /* yixin-p-Info.plist */,
				8338AC8919172AC900E5EBD3 /* InfoPlist.strings */,
				8338AC8C19172AC900E5EBD3 /* main.m */,
				8338AC8E19172AC900E5EBD3 /* yixin-p-Prefix.pch */,
			);
			name = "Supporting Files";
			sourceTree = "<group>";
		};
		8338ACA519172AC900E5EBD3 /* yixin-pTests */ = {
			isa = PBXGroup;
			children = (
				8338ACAB19172AC900E5EBD3 /* yixin_pTests.m */,
				8338ACA619172AC900E5EBD3 /* Supporting Files */,
			);
			path = "yixin-pTests";
			sourceTree = "<group>";
		};
		8338ACA619172AC900E5EBD3 /* Supporting Files */ = {
			isa = PBXGroup;
			children = (
				8338ACA719172AC900E5EBD3 /* yixin-pTests-Info.plist */,
				8338ACA819172AC900E5EBD3 /* InfoPlist.strings */,
			);
			name = "Supporting Files";
			sourceTree = "<group>";
		};
		8338ACB519172EBC00E5EBD3 /* images */ = {
			isa = PBXGroup;
			children = (
				83B61675191B2F8E00652A67 /* backbutton.png */,
				83FF9404191A20500086F7D6 /* setting.png */,
				83FF9402191A1F430086F7D6 /* yixin.png */,
			);
			path = images;
			sourceTree = "<group>";
		};
		83EA558619209F9E0071E091 /* Products */ = {
			isa = PBXGroup;
			children = (
				83EA558B19209F9E0071E091 /* libQREncoder.a */,
				83EA558D19209F9E0071E091 /* QREncoderTest.octest */,
			);
			name = Products;
			sourceTree = "<group>";
		};
/* End PBXGroup section */

/* Begin PBXNativeTarget section */
		8338AC7C19172AC900E5EBD3 /* yixin-p */ = {
			isa = PBXNativeTarget;
			buildConfigurationList = 8338ACAF19172AC900E5EBD3 /* Build configuration list for PBXNativeTarget "yixin-p" */;
			buildPhases = (
				8338AC7919172AC900E5EBD3 /* Sources */,
				8338AC7A19172AC900E5EBD3 /* Frameworks */,
				8338AC7B19172AC900E5EBD3 /* Resources */,
			);
			buildRules = (
			);
			dependencies = (
			);
			name = "yixin-p";
			productName = "yixin-p";
			productReference = 8338AC7D19172AC900E5EBD3 /* 医信.app */;
			productType = "com.apple.product-type.application";
		};
		8338AC9D19172AC900E5EBD3 /* yixin-pTests */ = {
			isa = PBXNativeTarget;
			buildConfigurationList = 8338ACB219172AC900E5EBD3 /* Build configuration list for PBXNativeTarget "yixin-pTests" */;
			buildPhases = (
				8338AC9A19172AC900E5EBD3 /* Sources */,
				8338AC9B19172AC900E5EBD3 /* Frameworks */,
				8338AC9C19172AC900E5EBD3 /* Resources */,
			);
			buildRules = (
			);
			dependencies = (
				8338ACA419172AC900E5EBD3 /* PBXTargetDependency */,
			);
			name = "yixin-pTests";
			productName = "yixin-pTests";
			productReference = 8338AC9E19172AC900E5EBD3 /* yixin-pTests.xctest */;
			productType = "com.apple.product-type.bundle.unit-test";
		};
/* End PBXNativeTarget section */

/* Begin PBXProject section */
		8338AC7519172AC900E5EBD3 /* Project object */ = {
			isa = PBXProject;
			attributes = {
				LastUpgradeCheck = 0510;
				ORGANIZATIONNAME = "Jack Sun";
				TargetAttributes = {
					8338AC9D19172AC900E5EBD3 = {
						TestTargetID = 8338AC7C19172AC900E5EBD3;
					};
				};
			};
			buildConfigurationList = 8338AC7819172AC900E5EBD3 /* Build configuration list for PBXProject "yixin-p" */;
			compatibilityVersion = "Xcode 3.2";
			developmentRegion = English;
			hasScannedForEncodings = 0;
			knownRegions = (
				en,
				Base,
			);
			mainGroup = 8338AC7419172AC900E5EBD3;
			productRefGroup = 8338AC7E19172AC900E5EBD3 /* Products */;
			projectDirPath = "";
			projectReferences = (
				{
					ProductGroup = 83EA558619209F9E0071E091 /* Products */;
					ProjectRef = 83EA558519209F9E0071E091 /* QREncoder.xcodeproj */;
				},
			);
			projectRoot = "";
			targets = (
				8338AC7C19172AC900E5EBD3 /* yixin-p */,
				8338AC9D19172AC900E5EBD3 /* yixin-pTests */,
			);
		};
/* End PBXProject section */

/* Begin PBXReferenceProxy section */
		83EA558B19209F9E0071E091 /* libQREncoder.a */ = {
			isa = PBXReferenceProxy;
			fileType = archive.ar;
			path = libQREncoder.a;
			remoteRef = 83EA558A19209F9E0071E091 /* PBXContainerItemProxy */;
			sourceTree = BUILT_PRODUCTS_DIR;
		};
		83EA558D19209F9E0071E091 /* QREncoderTest.octest */ = {
			isa = PBXReferenceProxy;
			fileType = wrapper.cfbundle;
			path = QREncoderTest.octest;
			remoteRef = 83EA558C19209F9E0071E091 /* PBXContainerItemProxy */;
			sourceTree = BUILT_PRODUCTS_DIR;
		};
/* End PBXReferenceProxy section */

/* Begin PBXResourcesBuildPhase section */
		8338AC7B19172AC900E5EBD3 /* Resources */ = {
			isa = PBXResourcesBuildPhase;
			buildActionMask = 2147483647;
			files = (
				83B61676191B2F8E00652A67 /* backbutton.png in Resources */,
				83246B04191CB85400F1EF5C /* zbar-back.png in Resources */,
				83246B06191CB85400F1EF5C /* zbar-helpicons.png in Resources */,
				8338AC9919172AC900E5EBD3 /* Images.xcassets in Resources */,
				83FF9405191A20500086F7D6 /* setting.png in Resources */,
				83246B03191CB85400F1EF5C /* README in Resources */,
				83246B05191CB85400F1EF5C /* zbar-help.html in Resources */,
				83246B07191CB85400F1EF5C /* zbar-samples.png in Resources */,
				83FF9403191A1F430086F7D6 /* yixin.png in Resources */,
				8338AC8B19172AC900E5EBD3 /* InfoPlist.strings in Resources */,
				8338AC9419172AC900E5EBD3 /* Main.storyboard in Resources */,
			);
			runOnlyForDeploymentPostprocessing = 0;
		};
		8338AC9C19172AC900E5EBD3 /* Resources */ = {
			isa = PBXResourcesBuildPhase;
			buildActionMask = 2147483647;
			files = (
				8338ACAA19172AC900E5EBD3 /* InfoPlist.strings in Resources */,
			);
			runOnlyForDeploymentPostprocessing = 0;
		};
/* End PBXResourcesBuildPhase section */

/* Begin PBXSourcesBuildPhase section */
		8338AC7919172AC900E5EBD3 /* Sources */ = {
			isa = PBXSourcesBuildPhase;
			buildActionMask = 2147483647;
			files = (
				8338AC9119172AC900E5EBD3 /* AppDelegate.m in Sources */,
				8338AC8D19172AC900E5EBD3 /* main.m in Sources */,
				83BA064C19187C3B00E9B1AB /* NavigationController.m in Sources */,
				83B6167C191B73A300652A67 /* KWPopoverView.m in Sources */,
				83BD476419185C0C0006FC25 /* IndexViewController.m in Sources */,
				83B61679191B325E00652A67 /* StatusViewController.m in Sources */,
				836C7C65191BDAD200A24DF2 /* QRViewController.m in Sources */,
				83BD476719185C1D0006FC25 /* SettingViewController.m in Sources */,
			);
			runOnlyForDeploymentPostprocessing = 0;
		};
		8338AC9A19172AC900E5EBD3 /* Sources */ = {
			isa = PBXSourcesBuildPhase;
			buildActionMask = 2147483647;
			files = (
				8338ACAC19172AC900E5EBD3 /* yixin_pTests.m in Sources */,
			);
			runOnlyForDeploymentPostprocessing = 0;
		};
/* End PBXSourcesBuildPhase section */

/* Begin PBXTargetDependency section */
		8338ACA419172AC900E5EBD3 /* PBXTargetDependency */ = {
			isa = PBXTargetDependency;
			target = 8338AC7C19172AC900E5EBD3 /* yixin-p */;
			targetProxy = 8338ACA319172AC900E5EBD3 /* PBXContainerItemProxy */;
		};
/* End PBXTargetDependency section */

/* Begin PBXVariantGroup section */
		8338AC8919172AC900E5EBD3 /* InfoPlist.strings */ = {
			isa = PBXVariantGroup;
			children = (
				8338AC8A19172AC900E5EBD3 /* en */,
			);
			name = InfoPlist.strings;
			sourceTree = "<group>";
		};
		8338AC9219172AC900E5EBD3 /* Main.storyboard */ = {
			isa = PBXVariantGroup;
			children = (
				8338AC9319172AC900E5EBD3 /* Base */,
			);
			name = Main.storyboard;
			sourceTree = "<group>";
		};
		8338ACA819172AC900E5EBD3 /* InfoPlist.strings */ = {
			isa = PBXVariantGroup;
			children = (
				8338ACA919172AC900E5EBD3 /* en */,
			);
			name = InfoPlist.strings;
			sourceTree = "<group>";
		};
/* End PBXVariantGroup section */

/* Begin XCBuildConfiguration section */
		8338ACAD19172AC900E5EBD3 /* Debug */ = {
			isa = XCBuildConfiguration;
			buildSettings = {
				ALWAYS_SEARCH_USER_PATHS = NO;
				CLANG_CXX_LANGUAGE_STANDARD = "gnu++0x";
				CLANG_CXX_LIBRARY = "libc++";
				CLANG_ENABLE_MODULES = YES;
				CLANG_ENABLE_OBJC_ARC = YES;
				CLANG_WARN_BOOL_CONVERSION = YES;
				CLANG_WARN_CONSTANT_CONVERSION = YES;
				CLANG_WARN_DIRECT_OBJC_ISA_USAGE = YES_ERROR;
				CLANG_WARN_EMPTY_BODY = YES;
				CLANG_WARN_ENUM_CONVERSION = YES;
				CLANG_WARN_INT_CONVERSION = YES;
				CLANG_WARN_OBJC_ROOT_CLASS = YES_ERROR;
				CLANG_WARN__DUPLICATE_METHOD_MATCH = YES;
				"CODE_SIGN_IDENTITY[sdk=iphoneos*]" = "iPhone Developer";
				COPY_PHASE_STRIP = NO;
				GCC_C_LANGUAGE_STANDARD = gnu99;
				GCC_DYNAMIC_NO_PIC = NO;
				GCC_OPTIMIZATION_LEVEL = 0;
				GCC_PREPROCESSOR_DEFINITIONS = (
					"DEBUG=1",
					"$(inherited)",
				);
				GCC_SYMBOLS_PRIVATE_EXTERN = NO;
				GCC_WARN_64_TO_32_BIT_CONVERSION = YES;
				GCC_WARN_ABOUT_RETURN_TYPE = YES_ERROR;
				GCC_WARN_UNDECLARED_SELECTOR = YES;
				GCC_WARN_UNINITIALIZED_AUTOS = YES_AGGRESSIVE;
				GCC_WARN_UNUSED_FUNCTION = YES;
				GCC_WARN_UNUSED_VARIABLE = YES;
				IPHONEOS_DEPLOYMENT_TARGET = 7.1;
				ONLY_ACTIVE_ARCH = YES;
				SDKROOT = iphoneos;
			};
			name = Debug;
		};
		8338ACAE19172AC900E5EBD3 /* Release */ = {
			isa = XCBuildConfiguration;
			buildSettings = {
				ALWAYS_SEARCH_USER_PATHS = NO;
				CLANG_CXX_LANGUAGE_STANDARD = "gnu++0x";
				CLANG_CXX_LIBRARY = "libc++";
				CLANG_ENABLE_MODULES = YES;
				CLANG_ENABLE_OBJC_ARC = YES;
				CLANG_WARN_BOOL_CONVERSION = YES;
				CLANG_WARN_CONSTANT_CONVERSION = YES;
				CLANG_WARN_DIRECT_OBJC_ISA_USAGE = YES_ERROR;
				CLANG_WARN_EMPTY_BODY = YES;
				CLANG_WARN_ENUM_CONVERSION = YES;
				CLANG_WARN_INT_CONVERSION = YES;
				CLANG_WARN_OBJC_ROOT_CLASS = YES_ERROR;
				CLANG_WARN__DUPLICATE_METHOD_MATCH = YES;
				"CODE_SIGN_IDENTITY[sdk=iphoneos*]" = "iPhone Developer";
				COPY_PHASE_STRIP = YES;
				ENABLE_NS_ASSERTIONS = NO;
				GCC_C_LANGUAGE_STANDARD = gnu99;
				GCC_WARN_64_TO_32_BIT_CONVERSION = YES;
				GCC_WARN_ABOUT_RETURN_TYPE = YES_ERROR;
				GCC_WARN_UNDECLARED_SELECTOR = YES;
				GCC_WARN_UNINITIALIZED_AUTOS = YES_AGGRESSIVE;
				GCC_WARN_UNUSED_FUNCTION = YES;
				GCC_WARN_UNUSED_VARIABLE = YES;
				IPHONEOS_DEPLOYMENT_TARGET = 7.1;
				SDKROOT = iphoneos;
				VALIDATE_PRODUCT = YES;
			};
			name = Release;
		};
		8338ACB019172AC900E5EBD3 /* Debug */ = {
			isa = XCBuildConfiguration;
			buildSettings = {
				ASSETCATALOG_COMPILER_APPICON_NAME = AppIcon;
				ASSETCATALOG_COMPILER_LAUNCHIMAGE_NAME = LaunchImage;
				GCC_PRECOMPILE_PREFIX_HEADER = YES;
				GCC_PREFIX_HEADER = "yixin-p/yixin-p-Prefix.pch";
				INFOPLIST_FILE = "yixin-p/yixin-p-Info.plist";
				LIBRARY_SEARCH_PATHS = (
					"$(inherited)",
					"$(PROJECT_DIR)/ZBarSDK",
				);
				PRODUCT_NAME = "医信";
				WRAPPER_EXTENSION = app;
			};
			name = Debug;
		};
		8338ACB119172AC900E5EBD3 /* Release */ = {
			isa = XCBuildConfiguration;
			buildSettings = {
				ASSETCATALOG_COMPILER_APPICON_NAME = AppIcon;
				ASSETCATALOG_COMPILER_LAUNCHIMAGE_NAME = LaunchImage;
				GCC_PRECOMPILE_PREFIX_HEADER = YES;
				GCC_PREFIX_HEADER = "yixin-p/yixin-p-Prefix.pch";
				INFOPLIST_FILE = "yixin-p/yixin-p-Info.plist";
				LIBRARY_SEARCH_PATHS = (
					"$(inherited)",
					"$(PROJECT_DIR)/ZBarSDK",
				);
				PRODUCT_NAME = "医信";
				WRAPPER_EXTENSION = app;
			};
			name = Release;
		};
		8338ACB319172AC900E5EBD3 /* Debug */ = {
			isa = XCBuildConfiguration;
			buildSettings = {
				BUNDLE_LOADER = "$(BUILT_PRODUCTS_DIR)/yixin-p.app/yixin-p";
				FRAMEWORK_SEARCH_PATHS = (
					"$(SDKROOT)/Developer/Library/Frameworks",
					"$(inherited)",
					"$(DEVELOPER_FRAMEWORKS_DIR)",
				);
				GCC_PRECOMPILE_PREFIX_HEADER = YES;
				GCC_PREFIX_HEADER = "yixin-p/yixin-p-Prefix.pch";
				GCC_PREPROCESSOR_DEFINITIONS = (
					"DEBUG=1",
					"$(inherited)",
				);
				INFOPLIST_FILE = "yixin-pTests/yixin-pTests-Info.plist";
				PRODUCT_NAME = "$(TARGET_NAME)";
				TEST_HOST = "$(BUNDLE_LOADER)";
				WRAPPER_EXTENSION = xctest;
			};
			name = Debug;
		};
		8338ACB419172AC900E5EBD3 /* Release */ = {
			isa = XCBuildConfiguration;
			buildSettings = {
				BUNDLE_LOADER = "$(BUILT_PRODUCTS_DIR)/yixin-p.app/yixin-p";
				FRAMEWORK_SEARCH_PATHS = (
					"$(SDKROOT)/Developer/Library/Frameworks",
					"$(inherited)",
					"$(DEVELOPER_FRAMEWORKS_DIR)",
				);
				GCC_PRECOMPILE_PREFIX_HEADER = YES;
				GCC_PREFIX_HEADER = "yixin-p/yixin-p-Prefix.pch";
				INFOPLIST_FILE = "yixin-pTests/yixin-pTests-Info.plist";
				PRODUCT_NAME = "$(TARGET_NAME)";
				TEST_HOST = "$(BUNDLE_LOADER)";
				WRAPPER_EXTENSION = xctest;
			};
			name = Release;
		};
/* End XCBuildConfiguration section */

/* Begin XCConfigurationList section */
		8338AC7819172AC900E5EBD3 /* Build configuration list for PBXProject "yixin-p" */ = {
			isa = XCConfigurationList;
			buildConfigurations = (
				8338ACAD19172AC900E5EBD3 /* Debug */,
				8338ACAE19172AC900E5EBD3 /* Release */,
			);
			defaultConfigurationIsVisible = 0;
			defaultConfigurationName = Release;
		};
		8338ACAF19172AC900E5EBD3 /* Build configuration list for PBXNativeTarget "yixin-p" */ = {
			isa = XCConfigurationList;
			buildConfigurations = (
				8338ACB019172AC900E5EBD3 /* Debug */,
				8338ACB119172AC900E5EBD3 /* Release */,
			);
			defaultConfigurationIsVisible = 0;
			defaultConfigurationName = Release;
		};
		8338ACB219172AC900E5EBD3 /* Build configuration list for PBXNativeTarget "yixin-pTests" */ = {
			isa = XCConfigurationList;
			buildConfigurations = (
				8338ACB319172AC900E5EBD3 /* Debug */,
				8338ACB419172AC900E5EBD3 /* Release */,
			);
			defaultConfigurationIsVisible = 0;
			defaultConfigurationName = Release;
		};
/* End XCConfigurationList section */
	};
	rootObject = 8338AC7519172AC900E5EBD3 /* Project object */;
}
