// !$*UTF8*$!
{
	archiveVersion = 1;
	classes = {
	};
	objectVersion = 46;
	objects = {

/* Begin PBXBuildFile section */
		83855B0C18BB298200E8B455 /* Foundation.framework in Frameworks */ = {isa = PBXBuildFile; fileRef = 83855B0B18BB298200E8B455 /* Foundation.framework */; };
		83855B0E18BB298200E8B455 /* CoreGraphics.framework in Frameworks */ = {isa = PBXBuildFile; fileRef = 83855B0D18BB298200E8B455 /* CoreGraphics.framework */; };
		83855B1018BB298200E8B455 /* UIKit.framework in Frameworks */ = {isa = PBXBuildFile; fileRef = 83855B0F18BB298200E8B455 /* UIKit.framework */; };
		83855B1618BB298200E8B455 /* InfoPlist.strings in Resources */ = {isa = PBXBuildFile; fileRef = 83855B1418BB298200E8B455 /* InfoPlist.strings */; };
		83855B1818BB298200E8B455 /* main.m in Sources */ = {isa = PBXBuildFile; fileRef = 83855B1718BB298200E8B455 /* main.m */; };
		83855B1C18BB298200E8B455 /* AppDelegate.m in Sources */ = {isa = PBXBuildFile; fileRef = 83855B1B18BB298200E8B455 /* AppDelegate.m */; };
		83855B1F18BB298200E8B455 /* Main.storyboard in Resources */ = {isa = PBXBuildFile; fileRef = 83855B1D18BB298200E8B455 /* Main.storyboard */; };
		83855B2218BB298200E8B455 /* ViewController.m in Sources */ = {isa = PBXBuildFile; fileRef = 83855B2118BB298200E8B455 /* ViewController.m */; };
		83855B2418BB298200E8B455 /* Images.xcassets in Resources */ = {isa = PBXBuildFile; fileRef = 83855B2318BB298200E8B455 /* Images.xcassets */; };
		83855B2B18BB298200E8B455 /* XCTest.framework in Frameworks */ = {isa = PBXBuildFile; fileRef = 83855B2A18BB298200E8B455 /* XCTest.framework */; };
		83855B2C18BB298200E8B455 /* Foundation.framework in Frameworks */ = {isa = PBXBuildFile; fileRef = 83855B0B18BB298200E8B455 /* Foundation.framework */; };
		83855B2D18BB298200E8B455 /* UIKit.framework in Frameworks */ = {isa = PBXBuildFile; fileRef = 83855B0F18BB298200E8B455 /* UIKit.framework */; };
		83855B3518BB298200E8B455 /* InfoPlist.strings in Resources */ = {isa = PBXBuildFile; fileRef = 83855B3318BB298200E8B455 /* InfoPlist.strings */; };
		83855B3718BB298200E8B455 /* PopoverEditorTests.m in Sources */ = {isa = PBXBuildFile; fileRef = 83855B3618BB298200E8B455 /* PopoverEditorTests.m */; };
		83855B4218BB29C400E8B455 /* EditorViewController.m in Sources */ = {isa = PBXBuildFile; fileRef = 83855B4118BB29C400E8B455 /* EditorViewController.m */; };
/* End PBXBuildFile section */

/* Begin PBXContainerItemProxy section */
		83855B2E18BB298200E8B455 /* PBXContainerItemProxy */ = {
			isa = PBXContainerItemProxy;
			containerPortal = 83855B0018BB298200E8B455 /* Project object */;
			proxyType = 1;
			remoteGlobalIDString = 83855B0718BB298200E8B455;
			remoteInfo = PopoverEditor;
		};
/* End PBXContainerItemProxy section */

/* Begin PBXFileReference section */
		83855B0818BB298200E8B455 /* PopoverEditor.app */ = {isa = PBXFileReference; explicitFileType = wrapper.application; includeInIndex = 0; path = PopoverEditor.app; sourceTree = BUILT_PRODUCTS_DIR; };
		83855B0B18BB298200E8B455 /* Foundation.framework */ = {isa = PBXFileReference; lastKnownFileType = wrapper.framework; name = Foundation.framework; path = System/Library/Frameworks/Foundation.framework; sourceTree = SDKROOT; };
		83855B0D18BB298200E8B455 /* CoreGraphics.framework */ = {isa = PBXFileReference; lastKnownFileType = wrapper.framework; name = CoreGraphics.framework; path = System/Library/Frameworks/CoreGraphics.framework; sourceTree = SDKROOT; };
		83855B0F18BB298200E8B455 /* UIKit.framework */ = {isa = PBXFileReference; lastKnownFileType = wrapper.framework; name = UIKit.framework; path = System/Library/Frameworks/UIKit.framework; sourceTree = SDKROOT; };
		83855B1318BB298200E8B455 /* PopoverEditor-Info.plist */ = {isa = PBXFileReference; lastKnownFileType = text.plist.xml; path = "PopoverEditor-Info.plist"; sourceTree = "<group>"; };
		83855B1518BB298200E8B455 /* en */ = {isa = PBXFileReference; lastKnownFileType = text.plist.strings; name = en; path = en.lproj/InfoPlist.strings; sourceTree = "<group>"; };
		83855B1718BB298200E8B455 /* main.m */ = {isa = PBXFileReference; lastKnownFileType = sourcecode.c.objc; path = main.m; sourceTree = "<group>"; };
		83855B1918BB298200E8B455 /* PopoverEditor-Prefix.pch */ = {isa = PBXFileReference; lastKnownFileType = sourcecode.c.h; path = "PopoverEditor-Prefix.pch"; sourceTree = "<group>"; };
		83855B1A18BB298200E8B455 /* AppDelegate.h */ = {isa = PBXFileReference; lastKnownFileType = sourcecode.c.h; path = AppDelegate.h; sourceTree = "<group>"; };
		83855B1B18BB298200E8B455 /* AppDelegate.m */ = {isa = PBXFileReference; lastKnownFileType = sourcecode.c.objc; path = AppDelegate.m; sourceTree = "<group>"; };
		83855B1E18BB298200E8B455 /* Base */ = {isa = PBXFileReference; lastKnownFileType = file.storyboard; name = Base; path = Base.lproj/Main.storyboard; sourceTree = "<group>"; };
		83855B2018BB298200E8B455 /* ViewController.h */ = {isa = PBXFileReference; lastKnownFileType = sourcecode.c.h; path = ViewController.h; sourceTree = "<group>"; };
		83855B2118BB298200E8B455 /* ViewController.m */ = {isa = PBXFileReference; lastKnownFileType = sourcecode.c.objc; path = ViewController.m; sourceTree = "<group>"; };
		83855B2318BB298200E8B455 /* Images.xcassets */ = {isa = PBXFileReference; lastKnownFileType = folder.assetcatalog; path = Images.xcassets; sourceTree = "<group>"; };
		83855B2918BB298200E8B455 /* PopoverEditorTests.xctest */ = {isa = PBXFileReference; explicitFileType = wrapper.cfbundle; includeInIndex = 0; path = PopoverEditorTests.xctest; sourceTree = BUILT_PRODUCTS_DIR; };
		83855B2A18BB298200E8B455 /* XCTest.framework */ = {isa = PBXFileReference; lastKnownFileType = wrapper.framework; name = XCTest.framework; path = Library/Frameworks/XCTest.framework; sourceTree = DEVELOPER_DIR; };
		83855B3218BB298200E8B455 /* PopoverEditorTests-Info.plist */ = {isa = PBXFileReference; lastKnownFileType = text.plist.xml; path = "PopoverEditorTests-Info.plist"; sourceTree = "<group>"; };
		83855B3418BB298200E8B455 /* en */ = {isa = PBXFileReference; lastKnownFileType = text.plist.strings; name = en; path = en.lproj/InfoPlist.strings; sourceTree = "<group>"; };
		83855B3618BB298200E8B455 /* PopoverEditorTests.m */ = {isa = PBXFileReference; lastKnownFileType = sourcecode.c.objc; path = PopoverEditorTests.m; sourceTree = "<group>"; };
		83855B4018BB29C400E8B455 /* EditorViewController.h */ = {isa = PBXFileReference; fileEncoding = 4; lastKnownFileType = sourcecode.c.h; path = EditorViewController.h; sourceTree = "<group>"; };
		83855B4118BB29C400E8B455 /* EditorViewController.m */ = {isa = PBXFileReference; fileEncoding = 4; lastKnownFileType = sourcecode.c.objc; path = EditorViewController.m; sourceTree = "<group>"; };
/* End PBXFileReference section */

/* Begin PBXFrameworksBuildPhase section */
		83855B0518BB298200E8B455 /* Frameworks */ = {
			isa = PBXFrameworksBuildPhase;
			buildActionMask = 2147483647;
			files = (
				83855B0E18BB298200E8B455 /* CoreGraphics.framework in Frameworks */,
				83855B1018BB298200E8B455 /* UIKit.framework in Frameworks */,
				83855B0C18BB298200E8B455 /* Foundation.framework in Frameworks */,
			);
			runOnlyForDeploymentPostprocessing = 0;
		};
		83855B2618BB298200E8B455 /* Frameworks */ = {
			isa = PBXFrameworksBuildPhase;
			buildActionMask = 2147483647;
			files = (
				83855B2B18BB298200E8B455 /* XCTest.framework in Frameworks */,
				83855B2D18BB298200E8B455 /* UIKit.framework in Frameworks */,
				83855B2C18BB298200E8B455 /* Foundation.framework in Frameworks */,
			);
			runOnlyForDeploymentPostprocessing = 0;
		};
/* End PBXFrameworksBuildPhase section */

/* Begin PBXGroup section */
		83855AFF18BB298200E8B455 = {
			isa = PBXGroup;
			children = (
				83855B1118BB298200E8B455 /* PopoverEditor */,
				83855B3018BB298200E8B455 /* PopoverEditorTests */,
				83855B0A18BB298200E8B455 /* Frameworks */,
				83855B0918BB298200E8B455 /* Products */,
			);
			sourceTree = "<group>";
		};
		83855B0918BB298200E8B455 /* Products */ = {
			isa = PBXGroup;
			children = (
				83855B0818BB298200E8B455 /* PopoverEditor.app */,
				83855B2918BB298200E8B455 /* PopoverEditorTests.xctest */,
			);
			name = Products;
			sourceTree = "<group>";
		};
		83855B0A18BB298200E8B455 /* Frameworks */ = {
			isa = PBXGroup;
			children = (
				83855B0B18BB298200E8B455 /* Foundation.framework */,
				83855B0D18BB298200E8B455 /* CoreGraphics.framework */,
				83855B0F18BB298200E8B455 /* UIKit.framework */,
				83855B2A18BB298200E8B455 /* XCTest.framework */,
			);
			name = Frameworks;
			sourceTree = "<group>";
		};
		83855B1118BB298200E8B455 /* PopoverEditor */ = {
			isa = PBXGroup;
			children = (
				83855B1A18BB298200E8B455 /* AppDelegate.h */,
				83855B1B18BB298200E8B455 /* AppDelegate.m */,
				83855B1D18BB298200E8B455 /* Main.storyboard */,
				83855B4018BB29C400E8B455 /* EditorViewController.h */,
				83855B4118BB29C400E8B455 /* EditorViewController.m */,
				83855B2018BB298200E8B455 /* ViewController.h */,
				83855B2118BB298200E8B455 /* ViewController.m */,
				83855B2318BB298200E8B455 /* Images.xcassets */,
				83855B1218BB298200E8B455 /* Supporting Files */,
			);
			path = PopoverEditor;
			sourceTree = "<group>";
		};
		83855B1218BB298200E8B455 /* Supporting Files */ = {
			isa = PBXGroup;
			children = (
				83855B1318BB298200E8B455 /* PopoverEditor-Info.plist */,
				83855B1418BB298200E8B455 /* InfoPlist.strings */,
				83855B1718BB298200E8B455 /* main.m */,
				83855B1918BB298200E8B455 /* PopoverEditor-Prefix.pch */,
			);
			name = "Supporting Files";
			sourceTree = "<group>";
		};
		83855B3018BB298200E8B455 /* PopoverEditorTests */ = {
			isa = PBXGroup;
			children = (
				83855B3618BB298200E8B455 /* PopoverEditorTests.m */,
				83855B3118BB298200E8B455 /* Supporting Files */,
			);
			path = PopoverEditorTests;
			sourceTree = "<group>";
		};
		83855B3118BB298200E8B455 /* Supporting Files */ = {
			isa = PBXGroup;
			children = (
				83855B3218BB298200E8B455 /* PopoverEditorTests-Info.plist */,
				83855B3318BB298200E8B455 /* InfoPlist.strings */,
			);
			name = "Supporting Files";
			sourceTree = "<group>";
		};
/* End PBXGroup section */

/* Begin PBXNativeTarget section */
		83855B0718BB298200E8B455 /* PopoverEditor */ = {
			isa = PBXNativeTarget;
			buildConfigurationList = 83855B3A18BB298200E8B455 /* Build configuration list for PBXNativeTarget "PopoverEditor" */;
			buildPhases = (
				83855B0418BB298200E8B455 /* Sources */,
				83855B0518BB298200E8B455 /* Frameworks */,
				83855B0618BB298200E8B455 /* Resources */,
			);
			buildRules = (
			);
			dependencies = (
			);
			name = PopoverEditor;
			productName = PopoverEditor;
			productReference = 83855B0818BB298200E8B455 /* PopoverEditor.app */;
			productType = "com.apple.product-type.application";
		};
		83855B2818BB298200E8B455 /* PopoverEditorTests */ = {
			isa = PBXNativeTarget;
			buildConfigurationList = 83855B3D18BB298200E8B455 /* Build configuration list for PBXNativeTarget "PopoverEditorTests" */;
			buildPhases = (
				83855B2518BB298200E8B455 /* Sources */,
				83855B2618BB298200E8B455 /* Frameworks */,
				83855B2718BB298200E8B455 /* Resources */,
			);
			buildRules = (
			);
			dependencies = (
				83855B2F18BB298200E8B455 /* PBXTargetDependency */,
			);
			name = PopoverEditorTests;
			productName = PopoverEditorTests;
			productReference = 83855B2918BB298200E8B455 /* PopoverEditorTests.xctest */;
			productType = "com.apple.product-type.bundle.unit-test";
		};
/* End PBXNativeTarget section */

/* Begin PBXProject section */
		83855B0018BB298200E8B455 /* Project object */ = {
			isa = PBXProject;
			attributes = {
				LastUpgradeCheck = 0500;
				ORGANIZATIONNAME = "孙晓冬";
				TargetAttributes = {
					83855B2818BB298200E8B455 = {
						TestTargetID = 83855B0718BB298200E8B455;
					};
				};
			};
			buildConfigurationList = 83855B0318BB298200E8B455 /* Build configuration list for PBXProject "PopoverEditor" */;
			compatibilityVersion = "Xcode 3.2";
			developmentRegion = English;
			hasScannedForEncodings = 0;
			knownRegions = (
				en,
				Base,
			);
			mainGroup = 83855AFF18BB298200E8B455;
			productRefGroup = 83855B0918BB298200E8B455 /* Products */;
			projectDirPath = "";
			projectRoot = "";
			targets = (
				83855B0718BB298200E8B455 /* PopoverEditor */,
				83855B2818BB298200E8B455 /* PopoverEditorTests */,
			);
		};
/* End PBXProject section */

/* Begin PBXResourcesBuildPhase section */
		83855B0618BB298200E8B455 /* Resources */ = {
			isa = PBXResourcesBuildPhase;
			buildActionMask = 2147483647;
			files = (
				83855B2418BB298200E8B455 /* Images.xcassets in Resources */,
				83855B1618BB298200E8B455 /* InfoPlist.strings in Resources */,
				83855B1F18BB298200E8B455 /* Main.storyboard in Resources */,
			);
			runOnlyForDeploymentPostprocessing = 0;
		};
		83855B2718BB298200E8B455 /* Resources */ = {
			isa = PBXResourcesBuildPhase;
			buildActionMask = 2147483647;
			files = (
				83855B3518BB298200E8B455 /* InfoPlist.strings in Resources */,
			);
			runOnlyForDeploymentPostprocessing = 0;
		};
/* End PBXResourcesBuildPhase section */

/* Begin PBXSourcesBuildPhase section */
		83855B0418BB298200E8B455 /* Sources */ = {
			isa = PBXSourcesBuildPhase;
			buildActionMask = 2147483647;
			files = (
				83855B2218BB298200E8B455 /* ViewController.m in Sources */,
				83855B1C18BB298200E8B455 /* AppDelegate.m in Sources */,
				83855B1818BB298200E8B455 /* main.m in Sources */,
				83855B4218BB29C400E8B455 /* EditorViewController.m in Sources */,
			);
			runOnlyForDeploymentPostprocessing = 0;
		};
		83855B2518BB298200E8B455 /* Sources */ = {
			isa = PBXSourcesBuildPhase;
			buildActionMask = 2147483647;
			files = (
				83855B3718BB298200E8B455 /* PopoverEditorTests.m in Sources */,
			);
			runOnlyForDeploymentPostprocessing = 0;
		};
/* End PBXSourcesBuildPhase section */

/* Begin PBXTargetDependency section */
		83855B2F18BB298200E8B455 /* PBXTargetDependency */ = {
			isa = PBXTargetDependency;
			target = 83855B0718BB298200E8B455 /* PopoverEditor */;
			targetProxy = 83855B2E18BB298200E8B455 /* PBXContainerItemProxy */;
		};
/* End PBXTargetDependency section */

/* Begin PBXVariantGroup section */
		83855B1418BB298200E8B455 /* InfoPlist.strings */ = {
			isa = PBXVariantGroup;
			children = (
				83855B1518BB298200E8B455 /* en */,
			);
			name = InfoPlist.strings;
			sourceTree = "<group>";
		};
		83855B1D18BB298200E8B455 /* Main.storyboard */ = {
			isa = PBXVariantGroup;
			children = (
				83855B1E18BB298200E8B455 /* Base */,
			);
			name = Main.storyboard;
			sourceTree = "<group>";
		};
		83855B3318BB298200E8B455 /* InfoPlist.strings */ = {
			isa = PBXVariantGroup;
			children = (
				83855B3418BB298200E8B455 /* en */,
			);
			name = InfoPlist.strings;
			sourceTree = "<group>";
		};
/* End PBXVariantGroup section */

/* Begin XCBuildConfiguration section */
		83855B3818BB298200E8B455 /* Debug */ = {
			isa = XCBuildConfiguration;
			buildSettings = {
				ALWAYS_SEARCH_USER_PATHS = NO;
				ARCHS = "$(ARCHS_STANDARD_INCLUDING_64_BIT)";
				CLANG_CXX_LANGUAGE_STANDARD = "gnu++0x";
				CLANG_CXX_LIBRARY = "libc++";
				CLANG_ENABLE_MODULES = YES;
				CLANG_ENABLE_OBJC_ARC = YES;
				CLANG_WARN_BOOL_CONVERSION = YES;
				CLANG_WARN_CONSTANT_CONVERSION = YES;
				CLANG_WARN_DIRECT_OBJC_ISA_USAGE = YES_ERROR;
				CLANG_WARN_EMPTY_BODY = YES;
				CLANG_WARN_ENUM_CONVERSION = YES;
				CLANG_WARN_INT_CONVERSION = YES;
				CLANG_WARN_OBJC_ROOT_CLASS = YES_ERROR;
				CLANG_WARN__DUPLICATE_METHOD_MATCH = YES;
				"CODE_SIGN_IDENTITY[sdk=iphoneos*]" = "iPhone Developer";
				COPY_PHASE_STRIP = NO;
				GCC_C_LANGUAGE_STANDARD = gnu99;
				GCC_DYNAMIC_NO_PIC = NO;
				GCC_OPTIMIZATION_LEVEL = 0;
				GCC_PREPROCESSOR_DEFINITIONS = (
					"DEBUG=1",
					"$(inherited)",
				);
				GCC_SYMBOLS_PRIVATE_EXTERN = NO;
				GCC_WARN_64_TO_32_BIT_CONVERSION = YES;
				GCC_WARN_ABOUT_RETURN_TYPE = YES_ERROR;
				GCC_WARN_UNDECLARED_SELECTOR = YES;
				GCC_WARN_UNINITIALIZED_AUTOS = YES;
				GCC_WARN_UNUSED_FUNCTION = YES;
				GCC_WARN_UNUSED_VARIABLE = YES;
				IPHONEOS_DEPLOYMENT_TARGET = 7.0;
				ONLY_ACTIVE_ARCH = YES;
				SDKROOT = iphoneos;
				TARGETED_DEVICE_FAMILY = 2;
			};
			name = Debug;
		};
		83855B3918BB298200E8B455 /* Release */ = {
			isa = XCBuildConfiguration;
			buildSettings = {
				ALWAYS_SEARCH_USER_PATHS = NO;
				ARCHS = "$(ARCHS_STANDARD_INCLUDING_64_BIT)";
				CLANG_CXX_LANGUAGE_STANDARD = "gnu++0x";
				CLANG_CXX_LIBRARY = "libc++";
				CLANG_ENABLE_MODULES = YES;
				CLANG_ENABLE_OBJC_ARC = YES;
				CLANG_WARN_BOOL_CONVERSION = YES;
				CLANG_WARN_CONSTANT_CONVERSION = YES;
				CLANG_WARN_DIRECT_OBJC_ISA_USAGE = YES_ERROR;
				CLANG_WARN_EMPTY_BODY = YES;
				CLANG_WARN_ENUM_CONVERSION = YES;
				CLANG_WARN_INT_CONVERSION = YES;
				CLANG_WARN_OBJC_ROOT_CLASS = YES_ERROR;
				CLANG_WARN__DUPLICATE_METHOD_MATCH = YES;
				"CODE_SIGN_IDENTITY[sdk=iphoneos*]" = "iPhone Developer";
				COPY_PHASE_STRIP = YES;
				ENABLE_NS_ASSERTIONS = NO;
				GCC_C_LANGUAGE_STANDARD = gnu99;
				GCC_WARN_64_TO_32_BIT_CONVERSION = YES;
				GCC_WARN_ABOUT_RETURN_TYPE = YES_ERROR;
				GCC_WARN_UNDECLARED_SELECTOR = YES;
				GCC_WARN_UNINITIALIZED_AUTOS = YES;
				GCC_WARN_UNUSED_FUNCTION = YES;
				GCC_WARN_UNUSED_VARIABLE = YES;
				IPHONEOS_DEPLOYMENT_TARGET = 7.0;
				SDKROOT = iphoneos;
				TARGETED_DEVICE_FAMILY = 2;
				VALIDATE_PRODUCT = YES;
			};
			name = Release;
		};
		83855B3B18BB298200E8B455 /* Debug */ = {
			isa = XCBuildConfiguration;
			buildSettings = {
				ASSETCATALOG_COMPILER_APPICON_NAME = AppIcon;
				ASSETCATALOG_COMPILER_LAUNCHIMAGE_NAME = LaunchImage;
				GCC_PRECOMPILE_PREFIX_HEADER = YES;
				GCC_PREFIX_HEADER = "PopoverEditor/PopoverEditor-Prefix.pch";
				INFOPLIST_FILE = "PopoverEditor/PopoverEditor-Info.plist";
				PRODUCT_NAME = "$(TARGET_NAME)";
				WRAPPER_EXTENSION = app;
			};
			name = Debug;
		};
		83855B3C18BB298200E8B455 /* Release */ = {
			isa = XCBuildConfiguration;
			buildSettings = {
				ASSETCATALOG_COMPILER_APPICON_NAME = AppIcon;
				ASSETCATALOG_COMPILER_LAUNCHIMAGE_NAME = LaunchImage;
				GCC_PRECOMPILE_PREFIX_HEADER = YES;
				GCC_PREFIX_HEADER = "PopoverEditor/PopoverEditor-Prefix.pch";
				INFOPLIST_FILE = "PopoverEditor/PopoverEditor-Info.plist";
				PRODUCT_NAME = "$(TARGET_NAME)";
				WRAPPER_EXTENSION = app;
			};
			name = Release;
		};
		83855B3E18BB298200E8B455 /* Debug */ = {
			isa = XCBuildConfiguration;
			buildSettings = {
				ARCHS = "$(ARCHS_STANDARD_INCLUDING_64_BIT)";
				BUNDLE_LOADER = "$(BUILT_PRODUCTS_DIR)/PopoverEditor.app/PopoverEditor";
				FRAMEWORK_SEARCH_PATHS = (
					"$(SDKROOT)/Developer/Library/Frameworks",
					"$(inherited)",
					"$(DEVELOPER_FRAMEWORKS_DIR)",
				);
				GCC_PRECOMPILE_PREFIX_HEADER = YES;
				GCC_PREFIX_HEADER = "PopoverEditor/PopoverEditor-Prefix.pch";
				GCC_PREPROCESSOR_DEFINITIONS = (
					"DEBUG=1",
					"$(inherited)",
				);
				INFOPLIST_FILE = "PopoverEditorTests/PopoverEditorTests-Info.plist";
				PRODUCT_NAME = "$(TARGET_NAME)";
				TEST_HOST = "$(BUNDLE_LOADER)";
				WRAPPER_EXTENSION = xctest;
			};
			name = Debug;
		};
		83855B3F18BB298200E8B455 /* Release */ = {
			isa = XCBuildConfiguration;
			buildSettings = {
				ARCHS = "$(ARCHS_STANDARD_INCLUDING_64_BIT)";
				BUNDLE_LOADER = "$(BUILT_PRODUCTS_DIR)/PopoverEditor.app/PopoverEditor";
				FRAMEWORK_SEARCH_PATHS = (
					"$(SDKROOT)/Developer/Library/Frameworks",
					"$(inherited)",
					"$(DEVELOPER_FRAMEWORKS_DIR)",
				);
				GCC_PRECOMPILE_PREFIX_HEADER = YES;
				GCC_PREFIX_HEADER = "PopoverEditor/PopoverEditor-Prefix.pch";
				INFOPLIST_FILE = "PopoverEditorTests/PopoverEditorTests-Info.plist";
				PRODUCT_NAME = "$(TARGET_NAME)";
				TEST_HOST = "$(BUNDLE_LOADER)";
				WRAPPER_EXTENSION = xctest;
			};
			name = Release;
		};
/* End XCBuildConfiguration section */

/* Begin XCConfigurationList section */
		83855B0318BB298200E8B455 /* Build configuration list for PBXProject "PopoverEditor" */ = {
			isa = XCConfigurationList;
			buildConfigurations = (
				83855B3818BB298200E8B455 /* Debug */,
				83855B3918BB298200E8B455 /* Release */,
			);
			defaultConfigurationIsVisible = 0;
			defaultConfigurationName = Release;
		};
		83855B3A18BB298200E8B455 /* Build configuration list for PBXNativeTarget "PopoverEditor" */ = {
			isa = XCConfigurationList;
			buildConfigurations = (
				83855B3B18BB298200E8B455 /* Debug */,
				83855B3C18BB298200E8B455 /* Release */,
			);
			defaultConfigurationIsVisible = 0;
		};
		83855B3D18BB298200E8B455 /* Build configuration list for PBXNativeTarget "PopoverEditorTests" */ = {
			isa = XCConfigurationList;
			buildConfigurations = (
				83855B3E18BB298200E8B455 /* Debug */,
				83855B3F18BB298200E8B455 /* Release */,
			);
			defaultConfigurationIsVisible = 0;
		};
/* End XCConfigurationList section */
	};
	rootObject = 83855B0018BB298200E8B455 /* Project object */;
}
